
Microsoft Visual Studio Solution File, Format Version 12.00
# Visual Studio Version 17
VisualStudioVersion = 17.0.31903.59
MinimumVisualStudioVersion = 10.0.40219.1
Project("{2150E333-8FDC-42A3-9474-1A3956D46DE8}") = "src", "src", "{827E0CD3-B72D-47B6-A68D-7590B98EB39B}"
EndProject
Project("{2150E333-8FDC-42A3-9474-1A3956D46DE8}") = "BuildingBlocks", "BuildingBlocks", "{90298CBA-BD6F-3A0A-69D5-97CAD7B05E7E}"
EndProject
Project("{FAE04EC0-301F-11D3-BF4B-00C04F79EFBC}") = "Vls.Shopflow.BuildingBlocks.Domain", "src\BuildingBlocks\Vls.Shopflow.BuildingBlocks.Domain\Vls.Shopflow.BuildingBlocks.Domain.csproj", "{A39E3289-5758-42DA-8598-D15B4C93497D}"
EndProject
Project("{FAE04EC0-301F-11D3-BF4B-00C04F79EFBC}") = "Vls.Shopflow.BuildingBlocks.Application", "src\BuildingBlocks\Vls.Shopflow.BuildingBlocks.Application\Vls.Shopflow.BuildingBlocks.Application.csproj", "{014F3ED6-2AFA-44BD-8F89-C1E3E39C6E42}"
EndProject
Project("{FAE04EC0-301F-11D3-BF4B-00C04F79EFBC}") = "Vls.Shopflow.BuildingBlocks.Infrastructure", "src\BuildingBlocks\Vls.Shopflow.BuildingBlocks.Infrastructure\Vls.Shopflow.BuildingBlocks.Infrastructure.csproj", "{7EAFA2A5-E1AF-4CC5-A36C-99107E8B025E}"
EndProject
Project("{2150E333-8FDC-42A3-9474-1A3956D46DE8}") = "Modules", "Modules", "{EC447DCF-ABFA-6E24-52A5-D7FD48A5C558}"
EndProject
Project("{2150E333-8FDC-42A3-9474-1A3956D46DE8}") = "IdentityCustomer", "IdentityCustomer", "{0E14F93F-C36E-7939-963F-18AF3DCC5F99}"
EndProject
Project("{FAE04EC0-301F-11D3-BF4B-00C04F79EFBC}") = "Vls.Shopflow.IdentityCustomer.Domain", "src\Modules\IdentityCustomer\Vls.Shopflow.IdentityCustomer.Domain\Vls.Shopflow.IdentityCustomer.Domain.csproj", "{A3E41CCD-9A44-41FF-8358-A31C7D665926}"
EndProject
Project("{FAE04EC0-301F-11D3-BF4B-00C04F79EFBC}") = "Vls.Shopflow.IdentityCustomer.Application", "src\Modules\IdentityCustomer\Vls.Shopflow.IdentityCustomer.Application\Vls.Shopflow.IdentityCustomer.Application.csproj", "{5327684D-92FE-4B06-9916-EAF2C2995D6B}"
EndProject
Project("{FAE04EC0-301F-11D3-BF4B-00C04F79EFBC}") = "Vls.Shopflow.IdentityCustomer.Infrastructure", "src\Modules\IdentityCustomer\Vls.Shopflow.IdentityCustomer.Infrastructure\Vls.Shopflow.IdentityCustomer.Infrastructure.csproj", "{BC823216-6477-4EDF-95C9-8E49E37223F2}"
EndProject
Project("{2150E333-8FDC-42A3-9474-1A3956D46DE8}") = "Catalog", "Catalog", "{1E1EF545-4C18-AEE2-B997-7EF431518D3F}"
EndProject
Project("{FAE04EC0-301F-11D3-BF4B-00C04F79EFBC}") = "Vls.Shopflow.Catalog.Domain", "src\Modules\Catalog\Vls.Shopflow.Catalog.Domain\Vls.Shopflow.Catalog.Domain.csproj", "{63A083ED-F834-4F5A-B2A4-C88ED3A76E8C}"
EndProject
Project("{FAE04EC0-301F-11D3-BF4B-00C04F79EFBC}") = "Vls.Shopflow.Catalog.Application", "src\Modules\Catalog\Vls.Shopflow.Catalog.Application\Vls.Shopflow.Catalog.Application.csproj", "{6170FF36-6008-4946-987D-9F28DBA31367}"
EndProject
Project("{FAE04EC0-301F-11D3-BF4B-00C04F79EFBC}") = "Vls.Shopflow.Catalog.Infrastructure", "src\Modules\Catalog\Vls.Shopflow.Catalog.Infrastructure\Vls.Shopflow.Catalog.Infrastructure.csproj", "{6159A347-908B-4C55-BB98-2EC9589EBA01}"
EndProject
Project("{2150E333-8FDC-42A3-9474-1A3956D46DE8}") = "Inventory", "Inventory", "{18C073E0-6CB1-4693-3636-BFEE619A6192}"
EndProject
Project("{FAE04EC0-301F-11D3-BF4B-00C04F79EFBC}") = "Vls.Shopflow.Inventory.Domain", "src\Modules\Inventory\Vls.Shopflow.Inventory.Domain\Vls.Shopflow.Inventory.Domain.csproj", "{02634EC9-2DA4-4D4E-A8B3-306163CCB468}"
EndProject
Project("{FAE04EC0-301F-11D3-BF4B-00C04F79EFBC}") = "Vls.Shopflow.Inventory.Application", "src\Modules\Inventory\Vls.Shopflow.Inventory.Application\Vls.Shopflow.Inventory.Application.csproj", "{78D434FD-AB44-4C8B-A6F4-52F88B307C65}"
EndProject
Project("{FAE04EC0-301F-11D3-BF4B-00C04F79EFBC}") = "Vls.Shopflow.Inventory.Infrastructure", "src\Modules\Inventory\Vls.Shopflow.Inventory.Infrastructure\Vls.Shopflow.Inventory.Infrastructure.csproj", "{5D385409-2515-4395-AAE6-8317A5EC478C}"
EndProject
Project("{2150E333-8FDC-42A3-9474-1A3956D46DE8}") = "CartCheckout", "CartCheckout", "{BA420079-D498-4AF9-7466-7543DC5B2C45}"
EndProject
Project("{FAE04EC0-301F-11D3-BF4B-00C04F79EFBC}") = "Vls.Shopflow.CartCheckout.Domain", "src\Modules\CartCheckout\Vls.Shopflow.CartCheckout.Domain\Vls.Shopflow.CartCheckout.Domain.csproj", "{168DDB4B-87BB-463F-8C8E-3E6BCA285DF9}"
EndProject
Project("{FAE04EC0-301F-11D3-BF4B-00C04F79EFBC}") = "Vls.Shopflow.CartCheckout.Application", "src\Modules\CartCheckout\Vls.Shopflow.CartCheckout.Application\Vls.Shopflow.CartCheckout.Application.csproj", "{75FE3FF0-31B6-41B1-AEEE-F6DB601D2EDE}"
EndProject
Project("{FAE04EC0-301F-11D3-BF4B-00C04F79EFBC}") = "Vls.Shopflow.CartCheckout.Infrastructure", "src\Modules\CartCheckout\Vls.Shopflow.CartCheckout.Infrastructure\Vls.Shopflow.CartCheckout.Infrastructure.csproj", "{E98B5036-8FEE-4B1E-AC3A-AAD24294C122}"
EndProject
Project("{2150E333-8FDC-42A3-9474-1A3956D46DE8}") = "Orders", "Orders", "{CFD98C11-0354-2BE4-4011-BD6AEF12219D}"
EndProject
Project("{FAE04EC0-301F-11D3-BF4B-00C04F79EFBC}") = "Vls.Shopflow.Orders.Domain", "src\Modules\Orders\Vls.Shopflow.Orders.Domain\Vls.Shopflow.Orders.Domain.csproj", "{0198A19F-05D1-4079-B6A2-017445CE93C2}"
EndProject
Project("{FAE04EC0-301F-11D3-BF4B-00C04F79EFBC}") = "Vls.Shopflow.Orders.Application", "src\Modules\Orders\Vls.Shopflow.Orders.Application\Vls.Shopflow.Orders.Application.csproj", "{98052916-715A-4AF0-A077-01FAB3727924}"
EndProject
Project("{FAE04EC0-301F-11D3-BF4B-00C04F79EFBC}") = "Vls.Shopflow.Orders.Infrastructure", "src\Modules\Orders\Vls.Shopflow.Orders.Infrastructure\Vls.Shopflow.Orders.Infrastructure.csproj", "{3D4C5CB5-2870-4C61-B56C-654FD30A3B3A}"
EndProject
Project("{2150E333-8FDC-42A3-9474-1A3956D46DE8}") = "PaymentsPix", "PaymentsPix", "{0A40B96A-CC95-E4F4-1E1A-22DDF2748D7E}"
EndProject
Project("{FAE04EC0-301F-11D3-BF4B-00C04F79EFBC}") = "Vls.Shopflow.PaymentsPix.Domain", "src\Modules\PaymentsPix\Vls.Shopflow.PaymentsPix.Domain\Vls.Shopflow.PaymentsPix.Domain.csproj", "{637F811A-F5B4-41A1-B3A9-956CA1FFBBEB}"
EndProject
Project("{FAE04EC0-301F-11D3-BF4B-00C04F79EFBC}") = "Vls.Shopflow.PaymentsPix.Application", "src\Modules\PaymentsPix\Vls.Shopflow.PaymentsPix.Application\Vls.Shopflow.PaymentsPix.Application.csproj", "{735EA240-96E0-48C9-BBF9-AA6431836975}"
EndProject
Project("{FAE04EC0-301F-11D3-BF4B-00C04F79EFBC}") = "Vls.Shopflow.PaymentsPix.Infrastructure", "src\Modules\PaymentsPix\Vls.Shopflow.PaymentsPix.Infrastructure\Vls.Shopflow.PaymentsPix.Infrastructure.csproj", "{B796E786-8DF4-4DC6-8A75-3602BB9853FE}"
EndProject
Project("{2150E333-8FDC-42A3-9474-1A3956D46DE8}") = "Shipping", "Shipping", "{5B4949C4-60F7-B0DA-08B2-116E43E6DF0E}"
EndProject
Project("{FAE04EC0-301F-11D3-BF4B-00C04F79EFBC}") = "Vls.Shopflow.Shipping.Domain", "src\Modules\Shipping\Vls.Shopflow.Shipping.Domain\Vls.Shopflow.Shipping.Domain.csproj", "{BB659395-040E-4FAD-B019-9B1AE6BB0EAC}"
EndProject
Project("{FAE04EC0-301F-11D3-BF4B-00C04F79EFBC}") = "Vls.Shopflow.Shipping.Application", "src\Modules\Shipping\Vls.Shopflow.Shipping.Application\Vls.Shopflow.Shipping.Application.csproj", "{CC72D572-EE2F-4F70-94E5-C655548FD127}"
EndProject
Project("{FAE04EC0-301F-11D3-BF4B-00C04F79EFBC}") = "Vls.Shopflow.Shipping.Infrastructure", "src\Modules\Shipping\Vls.Shopflow.Shipping.Infrastructure\Vls.Shopflow.Shipping.Infrastructure.csproj", "{A4F9DD5E-3E18-4ADC-9C86-9B750B7A8DA7}"
EndProject
Project("{2150E333-8FDC-42A3-9474-1A3956D46DE8}") = "Notifications", "Notifications", "{DE9DAF8A-E684-0FD3-FFDC-40D3E3158533}"
EndProject
Project("{FAE04EC0-301F-11D3-BF4B-00C04F79EFBC}") = "Vls.Shopflow.Notifications.Domain", "src\Modules\Notifications\Vls.Shopflow.Notifications.Domain\Vls.Shopflow.Notifications.Domain.csproj", "{82CB4BD2-7E94-4E50-A2E0-E27CD8BEA3B1}"
EndProject
Project("{FAE04EC0-301F-11D3-BF4B-00C04F79EFBC}") = "Vls.Shopflow.Notifications.Application", "src\Modules\Notifications\Vls.Shopflow.Notifications.Application\Vls.Shopflow.Notifications.Application.csproj", "{BDCE83E6-6D60-4837-AD0D-957247BB4A0A}"
EndProject
Project("{FAE04EC0-301F-11D3-BF4B-00C04F79EFBC}") = "Vls.Shopflow.Notifications.Infrastructure", "src\Modules\Notifications\Vls.Shopflow.Notifications.Infrastructure\Vls.Shopflow.Notifications.Infrastructure.csproj", "{FA20A622-990F-4D80-961B-35E9788BA15A}"
EndProject
Project("{2150E333-8FDC-42A3-9474-1A3956D46DE8}") = "ApiGateways", "ApiGateways", "{8450CF56-5DC7-366A-AE0A-4A8614F474CF}"
EndProject
Project("{FAE04EC0-301F-11D3-BF4B-00C04F79EFBC}") = "Vls.Shopflow.HttpApi", "ApiGateways\Vls.Shopflow.HttpApi\Vls.Shopflow.HttpApi.csproj", "{2E5256D5-2053-464E-A785-76C581372156}"
EndProject
Project("{FAE04EC0-301F-11D3-BF4B-00C04F79EFBC}") = "Vls.Shopflow.Worker", "Workers\Vls.Shopflow.Worker\Vls.Shopflow.Worker.csproj", "{CD7274B0-8F5B-457C-A005-997E90EA4898}"
EndProject
Project("{2150E333-8FDC-42A3-9474-1A3956D46DE8}") = "tests", "tests", "{0AB3BF05-4346-4AA6-1389-037BE0695223}"
EndProject
Project("{FAE04EC0-301F-11D3-BF4B-00C04F79EFBC}") = "Vls.Shopflow.Inventory.UnitTests", "tests\Vls.Shopflow.Inventory.UnitTests\Vls.Shopflow.Inventory.UnitTests.csproj", "{8059FF95-71DE-4039-AC9E-55F3426CD399}"
EndProject
Project("{FAE04EC0-301F-11D3-BF4B-00C04F79EFBC}") = "Vls.Shopflow.Inventory.IntegrationTests", "tests\Vls.Shopflow.Inventory.IntegrationTests\Vls.Shopflow.Inventory.IntegrationTests.csproj", "{168D0462-04C6-433E-86D2-07AA7AEA6C30}"
EndProject
Project("{FAE04EC0-301F-11D3-BF4B-00C04F79EFBC}") = "Vls.Shopflow.Catalog.UnitTests", "tests\Vls.Shopflow.Catalog.UnitTests\Vls.Shopflow.Catalog.UnitTests.csproj", "{858F8CE4-A436-498F-90D6-CA1C6253F8D1}"
EndProject
Project("{FAE04EC0-301F-11D3-BF4B-00C04F79EFBC}") = "Vls.Shopflow.Catalog.IntegrationTests", "tests\Vls.Shopflow.Catalog.IntegrationTests\Vls.Shopflow.Catalog.IntegrationTests.csproj", "{E96FF033-C00D-46BC-A0E4-117F002B935A}"
EndProject
Project("{FAE04EC0-301F-11D3-BF4B-00C04F79EFBC}") = "Vls.Shopflow.CartCheckout.UnitTests", "tests\Vls.Shopflow.CartCheckout.UnitTests\Vls.Shopflow.CartCheckout.UnitTests.csproj", "{8E1F7763-E497-4CD9-AC4E-5AC0831B71FE}"
EndProject
Project("{FAE04EC0-301F-11D3-BF4B-00C04F79EFBC}") = "Vls.Shopflow.CartCheckout.IntegrationTests", "tests\Vls.Shopflow.CartCheckout.IntegrationTests\Vls.Shopflow.CartCheckout.IntegrationTests.csproj", "{F7244429-210D-4A55-92E4-35C69C643F5C}"
EndProject
Project("{FAE04EC0-301F-11D3-BF4B-00C04F79EFBC}") = "Vls.Shopflow.Orders.UnitTests", "tests\Vls.Shopflow.Orders.UnitTests\Vls.Shopflow.Orders.UnitTests.csproj", "{D3244313-6624-4041-AA95-A87D83C3E25D}"
EndProject
Project("{FAE04EC0-301F-11D3-BF4B-00C04F79EFBC}") = "Vls.Shopflow.Orders.IntegrationTests", "tests\Vls.Shopflow.Orders.IntegrationTests\Vls.Shopflow.Orders.IntegrationTests.csproj", "{9512EBD4-5027-4191-804F-1AF80A79D614}"
EndProject
Project("{FAE04EC0-301F-11D3-BF4B-00C04F79EFBC}") = "Vls.Shopflow.PaymentsPix.UnitTests", "tests\Vls.Shopflow.PaymentsPix.UnitTests\Vls.Shopflow.PaymentsPix.UnitTests.csproj", "{55E0A893-E0E6-4C64-ACB1-639F2955C04D}"
EndProject
Project("{FAE04EC0-301F-11D3-BF4B-00C04F79EFBC}") = "Vls.Shopflow.PaymentsPix.IntegrationTests", "tests\Vls.Shopflow.PaymentsPix.IntegrationTests\Vls.Shopflow.PaymentsPix.IntegrationTests.csproj", "{04D468EC-71C2-4E4F-B62C-99A17E9D3103}"
EndProject
Project("{2150E333-8FDC-42A3-9474-1A3956D46DE8}") = "Expiration", "Expiration", "{16456225-F6FD-270F-6442-113CA06B9E5F}"
EndProject
Project("{FAE04EC0-301F-11D3-BF4B-00C04F79EFBC}") = "Vls.Shopflow.Expiration.Application", "src\Modules\Expiration\Vls.Shopflow.Expiration.Application\Vls.Shopflow.Expiration.Application.csproj", "{4940078A-1517-4860-9C3E-93EA7D23DE04}"
EndProject
Project("{FAE04EC0-301F-11D3-BF4B-00C04F79EFBC}") = "Vls.Shopflow.Expiration.Infrastructure", "src\Modules\Expiration\Vls.Shopflow.Expiration.Infrastructure\Vls.Shopflow.Expiration.Infrastructure.csproj", "{30971829-D3EB-4FB2-A54B-FC6D70CD2E32}"
EndProject
Project("{FAE04EC0-301F-11D3-BF4B-00C04F79EFBC}") = "Vls.Shopflow.Expiration.UnitTests", "tests\Vls.Shopflow.Expiration.UnitTests\Vls.Shopflow.Expiration.UnitTests.csproj", "{0842DA1C-0D58-4750-8870-7C3FF5ACA8A8}"
EndProject
Project("{FAE04EC0-301F-11D3-BF4B-00C04F79EFBC}") = "Vls.Shopflow.Expiration.IntegrationTests", "tests\Vls.Shopflow.Expiration.IntegrationTests\Vls.Shopflow.Expiration.IntegrationTests.csproj", "{C6BAD712-E8D6-42AF-B9DF-A026AE2DD8BA}"
EndProject
Project("{2150E333-8FDC-42A3-9474-1A3956D46DE8}") = "IdentityAccess", "IdentityAccess", "{10F243C0-5589-5C7D-3314-BD3AC559A253}"
EndProject
Project("{FAE04EC0-301F-11D3-BF4B-00C04F79EFBC}") = "Vls.Shopflow.IdentityAccess.Domain", "src\Modules\IdentityAccess\Vls.Shopflow.IdentityAccess.Domain\Vls.Shopflow.IdentityAccess.Domain.csproj", "{B54D0F0A-AE3F-47BF-9497-9C9526855665}"
EndProject
Project("{FAE04EC0-301F-11D3-BF4B-00C04F79EFBC}") = "Vls.Shopflow.IdentityAccess.Application", "src\Modules\IdentityAccess\Vls.Shopflow.IdentityAccess.Application\Vls.Shopflow.IdentityAccess.Application.csproj", "{A9B495F0-07DF-406B-8D1A-A4714135D223}"
EndProject
Project("{FAE04EC0-301F-11D3-BF4B-00C04F79EFBC}") = "Vls.Shopflow.IdentityAccess.Infrastructure", "src\Modules\IdentityAccess\Vls.Shopflow.IdentityAccess.Infrastructure\Vls.Shopflow.IdentityAccess.Infrastructure.csproj", "{99461FD3-236F-40C2-95F7-5D0956A61418}"
EndProject
Project("{FAE04EC0-301F-11D3-BF4B-00C04F79EFBC}") = "Vls.Shopflow.IdentityAccess.IntegrationTests", "tests\Vls.Shopflow.IdentityAccess.IntegrationTests\Vls.Shopflow.IdentityAccess.IntegrationTests.csproj", "{A0385253-6C4C-470F-B16B-E93F792F9B6E}"
EndProject
Project("{FAE04EC0-301F-11D3-BF4B-00C04F79EFBC}") = "Vls.Shopflow.Shipping.UnitTests", "tests\Vls.Shopflow.Shipping.UnitTests\Vls.Shopflow.Shipping.UnitTests.csproj", "{C91ACCD4-E349-43BF-8ECD-E0989C10D52C}"
EndProject
Project("{FAE04EC0-301F-11D3-BF4B-00C04F79EFBC}") = "Vls.Shopflow.Notifications.UnitTests", "tests\Vls.Shopflow.Notifications.UnitTests\Vls.Shopflow.Notifications.UnitTests.csproj", "{8C116CD6-8BA9-4D23-9B6D-628DD1141643}"
EndProject
Project("{2150E333-8FDC-42A3-9474-1A3956D46DE8}") = "tools", "tools", "{07C2787E-EAC7-C090-1BA3-A61EC2A24D84}"
EndProject
Project("{FAE04EC0-301F-11D3-BF4B-00C04F79EFBC}") = "Vls.Shopflow.Tools", "tools\Vls.Shopflow.Tools\Vls.Shopflow.Tools.csproj", "{1DA38979-6B17-4C73-8077-EB4EE1194EC1}"
EndProject
Project("{FAE04EC0-301F-11D3-BF4B-00C04F79EFBC}") = "Vls.Shopflow.Notifications.IntegrationTests", "tests\Vls.Shopflow.Notifications.IntegrationTests\Vls.Shopflow.Notifications.IntegrationTests.csproj", "{4D8F64B9-B7A8-4693-B4FB-E7CDB06C2391}"
EndProject
Global
	GlobalSection(SolutionConfigurationPlatforms) = preSolution
		Debug|Any CPU = Debug|Any CPU
		Debug|x64 = Debug|x64
		Debug|x86 = Debug|x86
		Release|Any CPU = Release|Any CPU
		Release|x64 = Release|x64
		Release|x86 = Release|x86
	EndGlobalSection
	GlobalSection(ProjectConfigurationPlatforms) = postSolution
		{A39E3289-5758-42DA-8598-D15B4C93497D}.Debug|Any CPU.ActiveCfg = Debug|Any CPU
		{A39E3289-5758-42DA-8598-D15B4C93497D}.Debug|Any CPU.Build.0 = Debug|Any CPU
		{A39E3289-5758-42DA-8598-D15B4C93497D}.Debug|x64.ActiveCfg = Debug|Any CPU
		{A39E3289-5758-42DA-8598-D15B4C93497D}.Debug|x64.Build.0 = Debug|Any CPU
		{A39E3289-5758-42DA-8598-D15B4C93497D}.Debug|x86.ActiveCfg = Debug|Any CPU
		{A39E3289-5758-42DA-8598-D15B4C93497D}.Debug|x86.Build.0 = Debug|Any CPU
		{A39E3289-5758-42DA-8598-D15B4C93497D}.Release|Any CPU.ActiveCfg = Release|Any CPU
		{A39E3289-5758-42DA-8598-D15B4C93497D}.Release|Any CPU.Build.0 = Release|Any CPU
		{A39E3289-5758-42DA-8598-D15B4C93497D}.Release|x64.ActiveCfg = Release|Any CPU
		{A39E3289-5758-42DA-8598-D15B4C93497D}.Release|x64.Build.0 = Release|Any CPU
		{A39E3289-5758-42DA-8598-D15B4C93497D}.Release|x86.ActiveCfg = Release|Any CPU
		{A39E3289-5758-42DA-8598-D15B4C93497D}.Release|x86.Build.0 = Release|Any CPU
		{014F3ED6-2AFA-44BD-8F89-C1E3E39C6E42}.Debug|Any CPU.ActiveCfg = Debug|Any CPU
		{014F3ED6-2AFA-44BD-8F89-C1E3E39C6E42}.Debug|Any CPU.Build.0 = Debug|Any CPU
		{014F3ED6-2AFA-44BD-8F89-C1E3E39C6E42}.Debug|x64.ActiveCfg = Debug|Any CPU
		{014F3ED6-2AFA-44BD-8F89-C1E3E39C6E42}.Debug|x64.Build.0 = Debug|Any CPU
		{014F3ED6-2AFA-44BD-8F89-C1E3E39C6E42}.Debug|x86.ActiveCfg = Debug|Any CPU
		{014F3ED6-2AFA-44BD-8F89-C1E3E39C6E42}.Debug|x86.Build.0 = Debug|Any CPU
		{014F3ED6-2AFA-44BD-8F89-C1E3E39C6E42}.Release|Any CPU.ActiveCfg = Release|Any CPU
		{014F3ED6-2AFA-44BD-8F89-C1E3E39C6E42}.Release|Any CPU.Build.0 = Release|Any CPU
		{014F3ED6-2AFA-44BD-8F89-C1E3E39C6E42}.Release|x64.ActiveCfg = Release|Any CPU
		{014F3ED6-2AFA-44BD-8F89-C1E3E39C6E42}.Release|x64.Build.0 = Release|Any CPU
		{014F3ED6-2AFA-44BD-8F89-C1E3E39C6E42}.Release|x86.ActiveCfg = Release|Any CPU
		{014F3ED6-2AFA-44BD-8F89-C1E3E39C6E42}.Release|x86.Build.0 = Release|Any CPU
		{7EAFA2A5-E1AF-4CC5-A36C-99107E8B025E}.Debug|Any CPU.ActiveCfg = Debug|Any CPU
		{7EAFA2A5-E1AF-4CC5-A36C-99107E8B025E}.Debug|Any CPU.Build.0 = Debug|Any CPU
		{7EAFA2A5-E1AF-4CC5-A36C-99107E8B025E}.Debug|x64.ActiveCfg = Debug|Any CPU
		{7EAFA2A5-E1AF-4CC5-A36C-99107E8B025E}.Debug|x64.Build.0 = Debug|Any CPU
		{7EAFA2A5-E1AF-4CC5-A36C-99107E8B025E}.Debug|x86.ActiveCfg = Debug|Any CPU
		{7EAFA2A5-E1AF-4CC5-A36C-99107E8B025E}.Debug|x86.Build.0 = Debug|Any CPU
		{7EAFA2A5-E1AF-4CC5-A36C-99107E8B025E}.Release|Any CPU.ActiveCfg = Release|Any CPU
		{7EAFA2A5-E1AF-4CC5-A36C-99107E8B025E}.Release|Any CPU.Build.0 = Release|Any CPU
		{7EAFA2A5-E1AF-4CC5-A36C-99107E8B025E}.Release|x64.ActiveCfg = Release|Any CPU
		{7EAFA2A5-E1AF-4CC5-A36C-99107E8B025E}.Release|x64.Build.0 = Release|Any CPU
		{7EAFA2A5-E1AF-4CC5-A36C-99107E8B025E}.Release|x86.ActiveCfg = Release|Any CPU
		{7EAFA2A5-E1AF-4CC5-A36C-99107E8B025E}.Release|x86.Build.0 = Release|Any CPU
		{A3E41CCD-9A44-41FF-8358-A31C7D665926}.Debug|Any CPU.ActiveCfg = Debug|Any CPU
		{A3E41CCD-9A44-41FF-8358-A31C7D665926}.Debug|Any CPU.Build.0 = Debug|Any CPU
		{A3E41CCD-9A44-41FF-8358-A31C7D665926}.Debug|x64.ActiveCfg = Debug|Any CPU
		{A3E41CCD-9A44-41FF-8358-A31C7D665926}.Debug|x64.Build.0 = Debug|Any CPU
		{A3E41CCD-9A44-41FF-8358-A31C7D665926}.Debug|x86.ActiveCfg = Debug|Any CPU
		{A3E41CCD-9A44-41FF-8358-A31C7D665926}.Debug|x86.Build.0 = Debug|Any CPU
		{A3E41CCD-9A44-41FF-8358-A31C7D665926}.Release|Any CPU.ActiveCfg = Release|Any CPU
		{A3E41CCD-9A44-41FF-8358-A31C7D665926}.Release|Any CPU.Build.0 = Release|Any CPU
		{A3E41CCD-9A44-41FF-8358-A31C7D665926}.Release|x64.ActiveCfg = Release|Any CPU
		{A3E41CCD-9A44-41FF-8358-A31C7D665926}.Release|x64.Build.0 = Release|Any CPU
		{A3E41CCD-9A44-41FF-8358-A31C7D665926}.Release|x86.ActiveCfg = Release|Any CPU
		{A3E41CCD-9A44-41FF-8358-A31C7D665926}.Release|x86.Build.0 = Release|Any CPU
		{5327684D-92FE-4B06-9916-EAF2C2995D6B}.Debug|Any CPU.ActiveCfg = Debug|Any CPU
		{5327684D-92FE-4B06-9916-EAF2C2995D6B}.Debug|Any CPU.Build.0 = Debug|Any CPU
		{5327684D-92FE-4B06-9916-EAF2C2995D6B}.Debug|x64.ActiveCfg = Debug|Any CPU
		{5327684D-92FE-4B06-9916-EAF2C2995D6B}.Debug|x64.Build.0 = Debug|Any CPU
		{5327684D-92FE-4B06-9916-EAF2C2995D6B}.Debug|x86.ActiveCfg = Debug|Any CPU
		{5327684D-92FE-4B06-9916-EAF2C2995D6B}.Debug|x86.Build.0 = Debug|Any CPU
		{5327684D-92FE-4B06-9916-EAF2C2995D6B}.Release|Any CPU.ActiveCfg = Release|Any CPU
		{5327684D-92FE-4B06-9916-EAF2C2995D6B}.Release|Any CPU.Build.0 = Release|Any CPU
		{5327684D-92FE-4B06-9916-EAF2C2995D6B}.Release|x64.ActiveCfg = Release|Any CPU
		{5327684D-92FE-4B06-9916-EAF2C2995D6B}.Release|x64.Build.0 = Release|Any CPU
		{5327684D-92FE-4B06-9916-EAF2C2995D6B}.Release|x86.ActiveCfg = Release|Any CPU
		{5327684D-92FE-4B06-9916-EAF2C2995D6B}.Release|x86.Build.0 = Release|Any CPU
		{BC823216-6477-4EDF-95C9-8E49E37223F2}.Debug|Any CPU.ActiveCfg = Debug|Any CPU
		{BC823216-6477-4EDF-95C9-8E49E37223F2}.Debug|Any CPU.Build.0 = Debug|Any CPU
		{BC823216-6477-4EDF-95C9-8E49E37223F2}.Debug|x64.ActiveCfg = Debug|Any CPU
		{BC823216-6477-4EDF-95C9-8E49E37223F2}.Debug|x64.Build.0 = Debug|Any CPU
		{BC823216-6477-4EDF-95C9-8E49E37223F2}.Debug|x86.ActiveCfg = Debug|Any CPU
		{BC823216-6477-4EDF-95C9-8E49E37223F2}.Debug|x86.Build.0 = Debug|Any CPU
		{BC823216-6477-4EDF-95C9-8E49E37223F2}.Release|Any CPU.ActiveCfg = Release|Any CPU
		{BC823216-6477-4EDF-95C9-8E49E37223F2}.Release|Any CPU.Build.0 = Release|Any CPU
		{BC823216-6477-4EDF-95C9-8E49E37223F2}.Release|x64.ActiveCfg = Release|Any CPU
		{BC823216-6477-4EDF-95C9-8E49E37223F2}.Release|x64.Build.0 = Release|Any CPU
		{BC823216-6477-4EDF-95C9-8E49E37223F2}.Release|x86.ActiveCfg = Release|Any CPU
		{BC823216-6477-4EDF-95C9-8E49E37223F2}.Release|x86.Build.0 = Release|Any CPU
		{63A083ED-F834-4F5A-B2A4-C88ED3A76E8C}.Debug|Any CPU.ActiveCfg = Debug|Any CPU
		{63A083ED-F834-4F5A-B2A4-C88ED3A76E8C}.Debug|Any CPU.Build.0 = Debug|Any CPU
		{63A083ED-F834-4F5A-B2A4-C88ED3A76E8C}.Debug|x64.ActiveCfg = Debug|Any CPU
		{63A083ED-F834-4F5A-B2A4-C88ED3A76E8C}.Debug|x64.Build.0 = Debug|Any CPU
		{63A083ED-F834-4F5A-B2A4-C88ED3A76E8C}.Debug|x86.ActiveCfg = Debug|Any CPU
		{63A083ED-F834-4F5A-B2A4-C88ED3A76E8C}.Debug|x86.Build.0 = Debug|Any CPU
		{63A083ED-F834-4F5A-B2A4-C88ED3A76E8C}.Release|Any CPU.ActiveCfg = Release|Any CPU
		{63A083ED-F834-4F5A-B2A4-C88ED3A76E8C}.Release|Any CPU.Build.0 = Release|Any CPU
		{63A083ED-F834-4F5A-B2A4-C88ED3A76E8C}.Release|x64.ActiveCfg = Release|Any CPU
		{63A083ED-F834-4F5A-B2A4-C88ED3A76E8C}.Release|x64.Build.0 = Release|Any CPU
		{63A083ED-F834-4F5A-B2A4-C88ED3A76E8C}.Release|x86.ActiveCfg = Release|Any CPU
		{63A083ED-F834-4F5A-B2A4-C88ED3A76E8C}.Release|x86.Build.0 = Release|Any CPU
		{6170FF36-6008-4946-987D-9F28DBA31367}.Debug|Any CPU.ActiveCfg = Debug|Any CPU
		{6170FF36-6008-4946-987D-9F28DBA31367}.Debug|Any CPU.Build.0 = Debug|Any CPU
		{6170FF36-6008-4946-987D-9F28DBA31367}.Debug|x64.ActiveCfg = Debug|Any CPU
		{6170FF36-6008-4946-987D-9F28DBA31367}.Debug|x64.Build.0 = Debug|Any CPU
		{6170FF36-6008-4946-987D-9F28DBA31367}.Debug|x86.ActiveCfg = Debug|Any CPU
		{6170FF36-6008-4946-987D-9F28DBA31367}.Debug|x86.Build.0 = Debug|Any CPU
		{6170FF36-6008-4946-987D-9F28DBA31367}.Release|Any CPU.ActiveCfg = Release|Any CPU
		{6170FF36-6008-4946-987D-9F28DBA31367}.Release|Any CPU.Build.0 = Release|Any CPU
		{6170FF36-6008-4946-987D-9F28DBA31367}.Release|x64.ActiveCfg = Release|Any CPU
		{6170FF36-6008-4946-987D-9F28DBA31367}.Release|x64.Build.0 = Release|Any CPU
		{6170FF36-6008-4946-987D-9F28DBA31367}.Release|x86.ActiveCfg = Release|Any CPU
		{6170FF36-6008-4946-987D-9F28DBA31367}.Release|x86.Build.0 = Release|Any CPU
		{6159A347-908B-4C55-BB98-2EC9589EBA01}.Debug|Any CPU.ActiveCfg = Debug|Any CPU
		{6159A347-908B-4C55-BB98-2EC9589EBA01}.Debug|Any CPU.Build.0 = Debug|Any CPU
		{6159A347-908B-4C55-BB98-2EC9589EBA01}.Debug|x64.ActiveCfg = Debug|Any CPU
		{6159A347-908B-4C55-BB98-2EC9589EBA01}.Debug|x64.Build.0 = Debug|Any CPU
		{6159A347-908B-4C55-BB98-2EC9589EBA01}.Debug|x86.ActiveCfg = Debug|Any CPU
		{6159A347-908B-4C55-BB98-2EC9589EBA01}.Debug|x86.Build.0 = Debug|Any CPU
		{6159A347-908B-4C55-BB98-2EC9589EBA01}.Release|Any CPU.ActiveCfg = Release|Any CPU
		{6159A347-908B-4C55-BB98-2EC9589EBA01}.Release|Any CPU.Build.0 = Release|Any CPU
		{6159A347-908B-4C55-BB98-2EC9589EBA01}.Release|x64.ActiveCfg = Release|Any CPU
		{6159A347-908B-4C55-BB98-2EC9589EBA01}.Release|x64.Build.0 = Release|Any CPU
		{6159A347-908B-4C55-BB98-2EC9589EBA01}.Release|x86.ActiveCfg = Release|Any CPU
		{6159A347-908B-4C55-BB98-2EC9589EBA01}.Release|x86.Build.0 = Release|Any CPU
		{02634EC9-2DA4-4D4E-A8B3-306163CCB468}.Debug|Any CPU.ActiveCfg = Debug|Any CPU
		{02634EC9-2DA4-4D4E-A8B3-306163CCB468}.Debug|Any CPU.Build.0 = Debug|Any CPU
		{02634EC9-2DA4-4D4E-A8B3-306163CCB468}.Debug|x64.ActiveCfg = Debug|Any CPU
		{02634EC9-2DA4-4D4E-A8B3-306163CCB468}.Debug|x64.Build.0 = Debug|Any CPU
		{02634EC9-2DA4-4D4E-A8B3-306163CCB468}.Debug|x86.ActiveCfg = Debug|Any CPU
		{02634EC9-2DA4-4D4E-A8B3-306163CCB468}.Debug|x86.Build.0 = Debug|Any CPU
		{02634EC9-2DA4-4D4E-A8B3-306163CCB468}.Release|Any CPU.ActiveCfg = Release|Any CPU
		{02634EC9-2DA4-4D4E-A8B3-306163CCB468}.Release|Any CPU.Build.0 = Release|Any CPU
		{02634EC9-2DA4-4D4E-A8B3-306163CCB468}.Release|x64.ActiveCfg = Release|Any CPU
		{02634EC9-2DA4-4D4E-A8B3-306163CCB468}.Release|x64.Build.0 = Release|Any CPU
		{02634EC9-2DA4-4D4E-A8B3-306163CCB468}.Release|x86.ActiveCfg = Release|Any CPU
		{02634EC9-2DA4-4D4E-A8B3-306163CCB468}.Release|x86.Build.0 = Release|Any CPU
		{78D434FD-AB44-4C8B-A6F4-52F88B307C65}.Debug|Any CPU.ActiveCfg = Debug|Any CPU
		{78D434FD-AB44-4C8B-A6F4-52F88B307C65}.Debug|Any CPU.Build.0 = Debug|Any CPU
		{78D434FD-AB44-4C8B-A6F4-52F88B307C65}.Debug|x64.ActiveCfg = Debug|Any CPU
		{78D434FD-AB44-4C8B-A6F4-52F88B307C65}.Debug|x64.Build.0 = Debug|Any CPU
		{78D434FD-AB44-4C8B-A6F4-52F88B307C65}.Debug|x86.ActiveCfg = Debug|Any CPU
		{78D434FD-AB44-4C8B-A6F4-52F88B307C65}.Debug|x86.Build.0 = Debug|Any CPU
		{78D434FD-AB44-4C8B-A6F4-52F88B307C65}.Release|Any CPU.ActiveCfg = Release|Any CPU
		{78D434FD-AB44-4C8B-A6F4-52F88B307C65}.Release|Any CPU.Build.0 = Release|Any CPU
		{78D434FD-AB44-4C8B-A6F4-52F88B307C65}.Release|x64.ActiveCfg = Release|Any CPU
		{78D434FD-AB44-4C8B-A6F4-52F88B307C65}.Release|x64.Build.0 = Release|Any CPU
		{78D434FD-AB44-4C8B-A6F4-52F88B307C65}.Release|x86.ActiveCfg = Release|Any CPU
		{78D434FD-AB44-4C8B-A6F4-52F88B307C65}.Release|x86.Build.0 = Release|Any CPU
		{5D385409-2515-4395-AAE6-8317A5EC478C}.Debug|Any CPU.ActiveCfg = Debug|Any CPU
		{5D385409-2515-4395-AAE6-8317A5EC478C}.Debug|Any CPU.Build.0 = Debug|Any CPU
		{5D385409-2515-4395-AAE6-8317A5EC478C}.Debug|x64.ActiveCfg = Debug|Any CPU
		{5D385409-2515-4395-AAE6-8317A5EC478C}.Debug|x64.Build.0 = Debug|Any CPU
		{5D385409-2515-4395-AAE6-8317A5EC478C}.Debug|x86.ActiveCfg = Debug|Any CPU
		{5D385409-2515-4395-AAE6-8317A5EC478C}.Debug|x86.Build.0 = Debug|Any CPU
		{5D385409-2515-4395-AAE6-8317A5EC478C}.Release|Any CPU.ActiveCfg = Release|Any CPU
		{5D385409-2515-4395-AAE6-8317A5EC478C}.Release|Any CPU.Build.0 = Release|Any CPU
		{5D385409-2515-4395-AAE6-8317A5EC478C}.Release|x64.ActiveCfg = Release|Any CPU
		{5D385409-2515-4395-AAE6-8317A5EC478C}.Release|x64.Build.0 = Release|Any CPU
		{5D385409-2515-4395-AAE6-8317A5EC478C}.Release|x86.ActiveCfg = Release|Any CPU
		{5D385409-2515-4395-AAE6-8317A5EC478C}.Release|x86.Build.0 = Release|Any CPU
		{168DDB4B-87BB-463F-8C8E-3E6BCA285DF9}.Debug|Any CPU.ActiveCfg = Debug|Any CPU
		{168DDB4B-87BB-463F-8C8E-3E6BCA285DF9}.Debug|Any CPU.Build.0 = Debug|Any CPU
		{168DDB4B-87BB-463F-8C8E-3E6BCA285DF9}.Debug|x64.ActiveCfg = Debug|Any CPU
		{168DDB4B-87BB-463F-8C8E-3E6BCA285DF9}.Debug|x64.Build.0 = Debug|Any CPU
		{168DDB4B-87BB-463F-8C8E-3E6BCA285DF9}.Debug|x86.ActiveCfg = Debug|Any CPU
		{168DDB4B-87BB-463F-8C8E-3E6BCA285DF9}.Debug|x86.Build.0 = Debug|Any CPU
		{168DDB4B-87BB-463F-8C8E-3E6BCA285DF9}.Release|Any CPU.ActiveCfg = Release|Any CPU
		{168DDB4B-87BB-463F-8C8E-3E6BCA285DF9}.Release|Any CPU.Build.0 = Release|Any CPU
		{168DDB4B-87BB-463F-8C8E-3E6BCA285DF9}.Release|x64.ActiveCfg = Release|Any CPU
		{168DDB4B-87BB-463F-8C8E-3E6BCA285DF9}.Release|x64.Build.0 = Release|Any CPU
		{168DDB4B-87BB-463F-8C8E-3E6BCA285DF9}.Release|x86.ActiveCfg = Release|Any CPU
		{168DDB4B-87BB-463F-8C8E-3E6BCA285DF9}.Release|x86.Build.0 = Release|Any CPU
		{75FE3FF0-31B6-41B1-AEEE-F6DB601D2EDE}.Debug|Any CPU.ActiveCfg = Debug|Any CPU
		{75FE3FF0-31B6-41B1-AEEE-F6DB601D2EDE}.Debug|Any CPU.Build.0 = Debug|Any CPU
		{75FE3FF0-31B6-41B1-AEEE-F6DB601D2EDE}.Debug|x64.ActiveCfg = Debug|Any CPU
		{75FE3FF0-31B6-41B1-AEEE-F6DB601D2EDE}.Debug|x64.Build.0 = Debug|Any CPU
		{75FE3FF0-31B6-41B1-AEEE-F6DB601D2EDE}.Debug|x86.ActiveCfg = Debug|Any CPU
		{75FE3FF0-31B6-41B1-AEEE-F6DB601D2EDE}.Debug|x86.Build.0 = Debug|Any CPU
		{75FE3FF0-31B6-41B1-AEEE-F6DB601D2EDE}.Release|Any CPU.ActiveCfg = Release|Any CPU
		{75FE3FF0-31B6-41B1-AEEE-F6DB601D2EDE}.Release|Any CPU.Build.0 = Release|Any CPU
		{75FE3FF0-31B6-41B1-AEEE-F6DB601D2EDE}.Release|x64.ActiveCfg = Release|Any CPU
		{75FE3FF0-31B6-41B1-AEEE-F6DB601D2EDE}.Release|x64.Build.0 = Release|Any CPU
		{75FE3FF0-31B6-41B1-AEEE-F6DB601D2EDE}.Release|x86.ActiveCfg = Release|Any CPU
		{75FE3FF0-31B6-41B1-AEEE-F6DB601D2EDE}.Release|x86.Build.0 = Release|Any CPU
		{E98B5036-8FEE-4B1E-AC3A-AAD24294C122}.Debug|Any CPU.ActiveCfg = Debug|Any CPU
		{E98B5036-8FEE-4B1E-AC3A-AAD24294C122}.Debug|Any CPU.Build.0 = Debug|Any CPU
		{E98B5036-8FEE-4B1E-AC3A-AAD24294C122}.Debug|x64.ActiveCfg = Debug|Any CPU
		{E98B5036-8FEE-4B1E-AC3A-AAD24294C122}.Debug|x64.Build.0 = Debug|Any CPU
		{E98B5036-8FEE-4B1E-AC3A-AAD24294C122}.Debug|x86.ActiveCfg = Debug|Any CPU
		{E98B5036-8FEE-4B1E-AC3A-AAD24294C122}.Debug|x86.Build.0 = Debug|Any CPU
		{E98B5036-8FEE-4B1E-AC3A-AAD24294C122}.Release|Any CPU.ActiveCfg = Release|Any CPU
		{E98B5036-8FEE-4B1E-AC3A-AAD24294C122}.Release|Any CPU.Build.0 = Release|Any CPU
		{E98B5036-8FEE-4B1E-AC3A-AAD24294C122}.Release|x64.ActiveCfg = Release|Any CPU
		{E98B5036-8FEE-4B1E-AC3A-AAD24294C122}.Release|x64.Build.0 = Release|Any CPU
		{E98B5036-8FEE-4B1E-AC3A-AAD24294C122}.Release|x86.ActiveCfg = Release|Any CPU
		{E98B5036-8FEE-4B1E-AC3A-AAD24294C122}.Release|x86.Build.0 = Release|Any CPU
		{0198A19F-05D1-4079-B6A2-017445CE93C2}.Debug|Any CPU.ActiveCfg = Debug|Any CPU
		{0198A19F-05D1-4079-B6A2-017445CE93C2}.Debug|Any CPU.Build.0 = Debug|Any CPU
		{0198A19F-05D1-4079-B6A2-017445CE93C2}.Debug|x64.ActiveCfg = Debug|Any CPU
		{0198A19F-05D1-4079-B6A2-017445CE93C2}.Debug|x64.Build.0 = Debug|Any CPU
		{0198A19F-05D1-4079-B6A2-017445CE93C2}.Debug|x86.ActiveCfg = Debug|Any CPU
		{0198A19F-05D1-4079-B6A2-017445CE93C2}.Debug|x86.Build.0 = Debug|Any CPU
		{0198A19F-05D1-4079-B6A2-017445CE93C2}.Release|Any CPU.ActiveCfg = Release|Any CPU
		{0198A19F-05D1-4079-B6A2-017445CE93C2}.Release|Any CPU.Build.0 = Release|Any CPU
		{0198A19F-05D1-4079-B6A2-017445CE93C2}.Release|x64.ActiveCfg = Release|Any CPU
		{0198A19F-05D1-4079-B6A2-017445CE93C2}.Release|x64.Build.0 = Release|Any CPU
		{0198A19F-05D1-4079-B6A2-017445CE93C2}.Release|x86.ActiveCfg = Release|Any CPU
		{0198A19F-05D1-4079-B6A2-017445CE93C2}.Release|x86.Build.0 = Release|Any CPU
		{98052916-715A-4AF0-A077-01FAB3727924}.Debug|Any CPU.ActiveCfg = Debug|Any CPU
		{98052916-715A-4AF0-A077-01FAB3727924}.Debug|Any CPU.Build.0 = Debug|Any CPU
		{98052916-715A-4AF0-A077-01FAB3727924}.Debug|x64.ActiveCfg = Debug|Any CPU
		{98052916-715A-4AF0-A077-01FAB3727924}.Debug|x64.Build.0 = Debug|Any CPU
		{98052916-715A-4AF0-A077-01FAB3727924}.Debug|x86.ActiveCfg = Debug|Any CPU
		{98052916-715A-4AF0-A077-01FAB3727924}.Debug|x86.Build.0 = Debug|Any CPU
		{98052916-715A-4AF0-A077-01FAB3727924}.Release|Any CPU.ActiveCfg = Release|Any CPU
		{98052916-715A-4AF0-A077-01FAB3727924}.Release|Any CPU.Build.0 = Release|Any CPU
		{98052916-715A-4AF0-A077-01FAB3727924}.Release|x64.ActiveCfg = Release|Any CPU
		{98052916-715A-4AF0-A077-01FAB3727924}.Release|x64.Build.0 = Release|Any CPU
		{98052916-715A-4AF0-A077-01FAB3727924}.Release|x86.ActiveCfg = Release|Any CPU
		{98052916-715A-4AF0-A077-01FAB3727924}.Release|x86.Build.0 = Release|Any CPU
		{3D4C5CB5-2870-4C61-B56C-654FD30A3B3A}.Debug|Any CPU.ActiveCfg = Debug|Any CPU
		{3D4C5CB5-2870-4C61-B56C-654FD30A3B3A}.Debug|Any CPU.Build.0 = Debug|Any CPU
		{3D4C5CB5-2870-4C61-B56C-654FD30A3B3A}.Debug|x64.ActiveCfg = Debug|Any CPU
		{3D4C5CB5-2870-4C61-B56C-654FD30A3B3A}.Debug|x64.Build.0 = Debug|Any CPU
		{3D4C5CB5-2870-4C61-B56C-654FD30A3B3A}.Debug|x86.ActiveCfg = Debug|Any CPU
		{3D4C5CB5-2870-4C61-B56C-654FD30A3B3A}.Debug|x86.Build.0 = Debug|Any CPU
		{3D4C5CB5-2870-4C61-B56C-654FD30A3B3A}.Release|Any CPU.ActiveCfg = Release|Any CPU
		{3D4C5CB5-2870-4C61-B56C-654FD30A3B3A}.Release|Any CPU.Build.0 = Release|Any CPU
		{3D4C5CB5-2870-4C61-B56C-654FD30A3B3A}.Release|x64.ActiveCfg = Release|Any CPU
		{3D4C5CB5-2870-4C61-B56C-654FD30A3B3A}.Release|x64.Build.0 = Release|Any CPU
		{3D4C5CB5-2870-4C61-B56C-654FD30A3B3A}.Release|x86.ActiveCfg = Release|Any CPU
		{3D4C5CB5-2870-4C61-B56C-654FD30A3B3A}.Release|x86.Build.0 = Release|Any CPU
		{637F811A-F5B4-41A1-B3A9-956CA1FFBBEB}.Debug|Any CPU.ActiveCfg = Debug|Any CPU
		{637F811A-F5B4-41A1-B3A9-956CA1FFBBEB}.Debug|Any CPU.Build.0 = Debug|Any CPU
		{637F811A-F5B4-41A1-B3A9-956CA1FFBBEB}.Debug|x64.ActiveCfg = Debug|Any CPU
		{637F811A-F5B4-41A1-B3A9-956CA1FFBBEB}.Debug|x64.Build.0 = Debug|Any CPU
		{637F811A-F5B4-41A1-B3A9-956CA1FFBBEB}.Debug|x86.ActiveCfg = Debug|Any CPU
		{637F811A-F5B4-41A1-B3A9-956CA1FFBBEB}.Debug|x86.Build.0 = Debug|Any CPU
		{637F811A-F5B4-41A1-B3A9-956CA1FFBBEB}.Release|Any CPU.ActiveCfg = Release|Any CPU
		{637F811A-F5B4-41A1-B3A9-956CA1FFBBEB}.Release|Any CPU.Build.0 = Release|Any CPU
		{637F811A-F5B4-41A1-B3A9-956CA1FFBBEB}.Release|x64.ActiveCfg = Release|Any CPU
		{637F811A-F5B4-41A1-B3A9-956CA1FFBBEB}.Release|x64.Build.0 = Release|Any CPU
		{637F811A-F5B4-41A1-B3A9-956CA1FFBBEB}.Release|x86.ActiveCfg = Release|Any CPU
		{637F811A-F5B4-41A1-B3A9-956CA1FFBBEB}.Release|x86.Build.0 = Release|Any CPU
		{735EA240-96E0-48C9-BBF9-AA6431836975}.Debug|Any CPU.ActiveCfg = Debug|Any CPU
		{735EA240-96E0-48C9-BBF9-AA6431836975}.Debug|Any CPU.Build.0 = Debug|Any CPU
		{735EA240-96E0-48C9-BBF9-AA6431836975}.Debug|x64.ActiveCfg = Debug|Any CPU
		{735EA240-96E0-48C9-BBF9-AA6431836975}.Debug|x64.Build.0 = Debug|Any CPU
		{735EA240-96E0-48C9-BBF9-AA6431836975}.Debug|x86.ActiveCfg = Debug|Any CPU
		{735EA240-96E0-48C9-BBF9-AA6431836975}.Debug|x86.Build.0 = Debug|Any CPU
		{735EA240-96E0-48C9-BBF9-AA6431836975}.Release|Any CPU.ActiveCfg = Release|Any CPU
		{735EA240-96E0-48C9-BBF9-AA6431836975}.Release|Any CPU.Build.0 = Release|Any CPU
		{735EA240-96E0-48C9-BBF9-AA6431836975}.Release|x64.ActiveCfg = Release|Any CPU
		{735EA240-96E0-48C9-BBF9-AA6431836975}.Release|x64.Build.0 = Release|Any CPU
		{735EA240-96E0-48C9-BBF9-AA6431836975}.Release|x86.ActiveCfg = Release|Any CPU
		{735EA240-96E0-48C9-BBF9-AA6431836975}.Release|x86.Build.0 = Release|Any CPU
		{B796E786-8DF4-4DC6-8A75-3602BB9853FE}.Debug|Any CPU.ActiveCfg = Debug|Any CPU
		{B796E786-8DF4-4DC6-8A75-3602BB9853FE}.Debug|Any CPU.Build.0 = Debug|Any CPU
		{B796E786-8DF4-4DC6-8A75-3602BB9853FE}.Debug|x64.ActiveCfg = Debug|Any CPU
		{B796E786-8DF4-4DC6-8A75-3602BB9853FE}.Debug|x64.Build.0 = Debug|Any CPU
		{B796E786-8DF4-4DC6-8A75-3602BB9853FE}.Debug|x86.ActiveCfg = Debug|Any CPU
		{B796E786-8DF4-4DC6-8A75-3602BB9853FE}.Debug|x86.Build.0 = Debug|Any CPU
		{B796E786-8DF4-4DC6-8A75-3602BB9853FE}.Release|Any CPU.ActiveCfg = Release|Any CPU
		{B796E786-8DF4-4DC6-8A75-3602BB9853FE}.Release|Any CPU.Build.0 = Release|Any CPU
		{B796E786-8DF4-4DC6-8A75-3602BB9853FE}.Release|x64.ActiveCfg = Release|Any CPU
		{B796E786-8DF4-4DC6-8A75-3602BB9853FE}.Release|x64.Build.0 = Release|Any CPU
		{B796E786-8DF4-4DC6-8A75-3602BB9853FE}.Release|x86.ActiveCfg = Release|Any CPU
		{B796E786-8DF4-4DC6-8A75-3602BB9853FE}.Release|x86.Build.0 = Release|Any CPU
		{BB659395-040E-4FAD-B019-9B1AE6BB0EAC}.Debug|Any CPU.ActiveCfg = Debug|Any CPU
		{BB659395-040E-4FAD-B019-9B1AE6BB0EAC}.Debug|Any CPU.Build.0 = Debug|Any CPU
		{BB659395-040E-4FAD-B019-9B1AE6BB0EAC}.Debug|x64.ActiveCfg = Debug|Any CPU
		{BB659395-040E-4FAD-B019-9B1AE6BB0EAC}.Debug|x64.Build.0 = Debug|Any CPU
		{BB659395-040E-4FAD-B019-9B1AE6BB0EAC}.Debug|x86.ActiveCfg = Debug|Any CPU
		{BB659395-040E-4FAD-B019-9B1AE6BB0EAC}.Debug|x86.Build.0 = Debug|Any CPU
		{BB659395-040E-4FAD-B019-9B1AE6BB0EAC}.Release|Any CPU.ActiveCfg = Release|Any CPU
		{BB659395-040E-4FAD-B019-9B1AE6BB0EAC}.Release|Any CPU.Build.0 = Release|Any CPU
		{BB659395-040E-4FAD-B019-9B1AE6BB0EAC}.Release|x64.ActiveCfg = Release|Any CPU
		{BB659395-040E-4FAD-B019-9B1AE6BB0EAC}.Release|x64.Build.0 = Release|Any CPU
		{BB659395-040E-4FAD-B019-9B1AE6BB0EAC}.Release|x86.ActiveCfg = Release|Any CPU
		{BB659395-040E-4FAD-B019-9B1AE6BB0EAC}.Release|x86.Build.0 = Release|Any CPU
		{CC72D572-EE2F-4F70-94E5-C655548FD127}.Debug|Any CPU.ActiveCfg = Debug|Any CPU
		{CC72D572-EE2F-4F70-94E5-C655548FD127}.Debug|Any CPU.Build.0 = Debug|Any CPU
		{CC72D572-EE2F-4F70-94E5-C655548FD127}.Debug|x64.ActiveCfg = Debug|Any CPU
		{CC72D572-EE2F-4F70-94E5-C655548FD127}.Debug|x64.Build.0 = Debug|Any CPU
		{CC72D572-EE2F-4F70-94E5-C655548FD127}.Debug|x86.ActiveCfg = Debug|Any CPU
		{CC72D572-EE2F-4F70-94E5-C655548FD127}.Debug|x86.Build.0 = Debug|Any CPU
		{CC72D572-EE2F-4F70-94E5-C655548FD127}.Release|Any CPU.ActiveCfg = Release|Any CPU
		{CC72D572-EE2F-4F70-94E5-C655548FD127}.Release|Any CPU.Build.0 = Release|Any CPU
		{CC72D572-EE2F-4F70-94E5-C655548FD127}.Release|x64.ActiveCfg = Release|Any CPU
		{CC72D572-EE2F-4F70-94E5-C655548FD127}.Release|x64.Build.0 = Release|Any CPU
		{CC72D572-EE2F-4F70-94E5-C655548FD127}.Release|x86.ActiveCfg = Release|Any CPU
		{CC72D572-EE2F-4F70-94E5-C655548FD127}.Release|x86.Build.0 = Release|Any CPU
		{A4F9DD5E-3E18-4ADC-9C86-9B750B7A8DA7}.Debug|Any CPU.ActiveCfg = Debug|Any CPU
		{A4F9DD5E-3E18-4ADC-9C86-9B750B7A8DA7}.Debug|Any CPU.Build.0 = Debug|Any CPU
		{A4F9DD5E-3E18-4ADC-9C86-9B750B7A8DA7}.Debug|x64.ActiveCfg = Debug|Any CPU
		{A4F9DD5E-3E18-4ADC-9C86-9B750B7A8DA7}.Debug|x64.Build.0 = Debug|Any CPU
		{A4F9DD5E-3E18-4ADC-9C86-9B750B7A8DA7}.Debug|x86.ActiveCfg = Debug|Any CPU
		{A4F9DD5E-3E18-4ADC-9C86-9B750B7A8DA7}.Debug|x86.Build.0 = Debug|Any CPU
		{A4F9DD5E-3E18-4ADC-9C86-9B750B7A8DA7}.Release|Any CPU.ActiveCfg = Release|Any CPU
		{A4F9DD5E-3E18-4ADC-9C86-9B750B7A8DA7}.Release|Any CPU.Build.0 = Release|Any CPU
		{A4F9DD5E-3E18-4ADC-9C86-9B750B7A8DA7}.Release|x64.ActiveCfg = Release|Any CPU
		{A4F9DD5E-3E18-4ADC-9C86-9B750B7A8DA7}.Release|x64.Build.0 = Release|Any CPU
		{A4F9DD5E-3E18-4ADC-9C86-9B750B7A8DA7}.Release|x86.ActiveCfg = Release|Any CPU
		{A4F9DD5E-3E18-4ADC-9C86-9B750B7A8DA7}.Release|x86.Build.0 = Release|Any CPU
		{82CB4BD2-7E94-4E50-A2E0-E27CD8BEA3B1}.Debug|Any CPU.ActiveCfg = Debug|Any CPU
		{82CB4BD2-7E94-4E50-A2E0-E27CD8BEA3B1}.Debug|Any CPU.Build.0 = Debug|Any CPU
		{82CB4BD2-7E94-4E50-A2E0-E27CD8BEA3B1}.Debug|x64.ActiveCfg = Debug|Any CPU
		{82CB4BD2-7E94-4E50-A2E0-E27CD8BEA3B1}.Debug|x64.Build.0 = Debug|Any CPU
		{82CB4BD2-7E94-4E50-A2E0-E27CD8BEA3B1}.Debug|x86.ActiveCfg = Debug|Any CPU
		{82CB4BD2-7E94-4E50-A2E0-E27CD8BEA3B1}.Debug|x86.Build.0 = Debug|Any CPU
		{82CB4BD2-7E94-4E50-A2E0-E27CD8BEA3B1}.Release|Any CPU.ActiveCfg = Release|Any CPU
		{82CB4BD2-7E94-4E50-A2E0-E27CD8BEA3B1}.Release|Any CPU.Build.0 = Release|Any CPU
		{82CB4BD2-7E94-4E50-A2E0-E27CD8BEA3B1}.Release|x64.ActiveCfg = Release|Any CPU
		{82CB4BD2-7E94-4E50-A2E0-E27CD8BEA3B1}.Release|x64.Build.0 = Release|Any CPU
		{82CB4BD2-7E94-4E50-A2E0-E27CD8BEA3B1}.Release|x86.ActiveCfg = Release|Any CPU
		{82CB4BD2-7E94-4E50-A2E0-E27CD8BEA3B1}.Release|x86.Build.0 = Release|Any CPU
		{BDCE83E6-6D60-4837-AD0D-957247BB4A0A}.Debug|Any CPU.ActiveCfg = Debug|Any CPU
		{BDCE83E6-6D60-4837-AD0D-957247BB4A0A}.Debug|Any CPU.Build.0 = Debug|Any CPU
		{BDCE83E6-6D60-4837-AD0D-957247BB4A0A}.Debug|x64.ActiveCfg = Debug|Any CPU
		{BDCE83E6-6D60-4837-AD0D-957247BB4A0A}.Debug|x64.Build.0 = Debug|Any CPU
		{BDCE83E6-6D60-4837-AD0D-957247BB4A0A}.Debug|x86.ActiveCfg = Debug|Any CPU
		{BDCE83E6-6D60-4837-AD0D-957247BB4A0A}.Debug|x86.Build.0 = Debug|Any CPU
		{BDCE83E6-6D60-4837-AD0D-957247BB4A0A}.Release|Any CPU.ActiveCfg = Release|Any CPU
		{BDCE83E6-6D60-4837-AD0D-957247BB4A0A}.Release|Any CPU.Build.0 = Release|Any CPU
		{BDCE83E6-6D60-4837-AD0D-957247BB4A0A}.Release|x64.ActiveCfg = Release|Any CPU
		{BDCE83E6-6D60-4837-AD0D-957247BB4A0A}.Release|x64.Build.0 = Release|Any CPU
		{BDCE83E6-6D60-4837-AD0D-957247BB4A0A}.Release|x86.ActiveCfg = Release|Any CPU
		{BDCE83E6-6D60-4837-AD0D-957247BB4A0A}.Release|x86.Build.0 = Release|Any CPU
		{FA20A622-990F-4D80-961B-35E9788BA15A}.Debug|Any CPU.ActiveCfg = Debug|Any CPU
		{FA20A622-990F-4D80-961B-35E9788BA15A}.Debug|Any CPU.Build.0 = Debug|Any CPU
		{FA20A622-990F-4D80-961B-35E9788BA15A}.Debug|x64.ActiveCfg = Debug|Any CPU
		{FA20A622-990F-4D80-961B-35E9788BA15A}.Debug|x64.Build.0 = Debug|Any CPU
		{FA20A622-990F-4D80-961B-35E9788BA15A}.Debug|x86.ActiveCfg = Debug|Any CPU
		{FA20A622-990F-4D80-961B-35E9788BA15A}.Debug|x86.Build.0 = Debug|Any CPU
		{FA20A622-990F-4D80-961B-35E9788BA15A}.Release|Any CPU.ActiveCfg = Release|Any CPU
		{FA20A622-990F-4D80-961B-35E9788BA15A}.Release|Any CPU.Build.0 = Release|Any CPU
		{FA20A622-990F-4D80-961B-35E9788BA15A}.Release|x64.ActiveCfg = Release|Any CPU
		{FA20A622-990F-4D80-961B-35E9788BA15A}.Release|x64.Build.0 = Release|Any CPU
		{FA20A622-990F-4D80-961B-35E9788BA15A}.Release|x86.ActiveCfg = Release|Any CPU
		{FA20A622-990F-4D80-961B-35E9788BA15A}.Release|x86.Build.0 = Release|Any CPU
		{2E5256D5-2053-464E-A785-76C581372156}.Debug|Any CPU.ActiveCfg = Debug|Any CPU
		{2E5256D5-2053-464E-A785-76C581372156}.Debug|Any CPU.Build.0 = Debug|Any CPU
		{2E5256D5-2053-464E-A785-76C581372156}.Debug|x64.ActiveCfg = Debug|Any CPU
		{2E5256D5-2053-464E-A785-76C581372156}.Debug|x64.Build.0 = Debug|Any CPU
		{2E5256D5-2053-464E-A785-76C581372156}.Debug|x86.ActiveCfg = Debug|Any CPU
		{2E5256D5-2053-464E-A785-76C581372156}.Debug|x86.Build.0 = Debug|Any CPU
		{2E5256D5-2053-464E-A785-76C581372156}.Release|Any CPU.ActiveCfg = Release|Any CPU
		{2E5256D5-2053-464E-A785-76C581372156}.Release|Any CPU.Build.0 = Release|Any CPU
		{2E5256D5-2053-464E-A785-76C581372156}.Release|x64.ActiveCfg = Release|Any CPU
		{2E5256D5-2053-464E-A785-76C581372156}.Release|x64.Build.0 = Release|Any CPU
		{2E5256D5-2053-464E-A785-76C581372156}.Release|x86.ActiveCfg = Release|Any CPU
		{2E5256D5-2053-464E-A785-76C581372156}.Release|x86.Build.0 = Release|Any CPU
		{CD7274B0-8F5B-457C-A005-997E90EA4898}.Debug|Any CPU.ActiveCfg = Debug|Any CPU
		{CD7274B0-8F5B-457C-A005-997E90EA4898}.Debug|Any CPU.Build.0 = Debug|Any CPU
		{CD7274B0-8F5B-457C-A005-997E90EA4898}.Debug|x64.ActiveCfg = Debug|Any CPU
		{CD7274B0-8F5B-457C-A005-997E90EA4898}.Debug|x64.Build.0 = Debug|Any CPU
		{CD7274B0-8F5B-457C-A005-997E90EA4898}.Debug|x86.ActiveCfg = Debug|Any CPU
		{CD7274B0-8F5B-457C-A005-997E90EA4898}.Debug|x86.Build.0 = Debug|Any CPU
		{CD7274B0-8F5B-457C-A005-997E90EA4898}.Release|Any CPU.ActiveCfg = Release|Any CPU
		{CD7274B0-8F5B-457C-A005-997E90EA4898}.Release|Any CPU.Build.0 = Release|Any CPU
		{CD7274B0-8F5B-457C-A005-997E90EA4898}.Release|x64.ActiveCfg = Release|Any CPU
		{CD7274B0-8F5B-457C-A005-997E90EA4898}.Release|x64.Build.0 = Release|Any CPU
		{CD7274B0-8F5B-457C-A005-997E90EA4898}.Release|x86.ActiveCfg = Release|Any CPU
		{CD7274B0-8F5B-457C-A005-997E90EA4898}.Release|x86.Build.0 = Release|Any CPU
		{8059FF95-71DE-4039-AC9E-55F3426CD399}.Debug|Any CPU.ActiveCfg = Debug|Any CPU
		{8059FF95-71DE-4039-AC9E-55F3426CD399}.Debug|Any CPU.Build.0 = Debug|Any CPU
		{8059FF95-71DE-4039-AC9E-55F3426CD399}.Debug|x64.ActiveCfg = Debug|Any CPU
		{8059FF95-71DE-4039-AC9E-55F3426CD399}.Debug|x64.Build.0 = Debug|Any CPU
		{8059FF95-71DE-4039-AC9E-55F3426CD399}.Debug|x86.ActiveCfg = Debug|Any CPU
		{8059FF95-71DE-4039-AC9E-55F3426CD399}.Debug|x86.Build.0 = Debug|Any CPU
		{8059FF95-71DE-4039-AC9E-55F3426CD399}.Release|Any CPU.ActiveCfg = Release|Any CPU
		{8059FF95-71DE-4039-AC9E-55F3426CD399}.Release|Any CPU.Build.0 = Release|Any CPU
		{8059FF95-71DE-4039-AC9E-55F3426CD399}.Release|x64.ActiveCfg = Release|Any CPU
		{8059FF95-71DE-4039-AC9E-55F3426CD399}.Release|x64.Build.0 = Release|Any CPU
		{8059FF95-71DE-4039-AC9E-55F3426CD399}.Release|x86.ActiveCfg = Release|Any CPU
		{8059FF95-71DE-4039-AC9E-55F3426CD399}.Release|x86.Build.0 = Release|Any CPU
		{168D0462-04C6-433E-86D2-07AA7AEA6C30}.Debug|Any CPU.ActiveCfg = Debug|Any CPU
		{168D0462-04C6-433E-86D2-07AA7AEA6C30}.Debug|Any CPU.Build.0 = Debug|Any CPU
		{168D0462-04C6-433E-86D2-07AA7AEA6C30}.Debug|x64.ActiveCfg = Debug|Any CPU
		{168D0462-04C6-433E-86D2-07AA7AEA6C30}.Debug|x64.Build.0 = Debug|Any CPU
		{168D0462-04C6-433E-86D2-07AA7AEA6C30}.Debug|x86.ActiveCfg = Debug|Any CPU
		{168D0462-04C6-433E-86D2-07AA7AEA6C30}.Debug|x86.Build.0 = Debug|Any CPU
		{168D0462-04C6-433E-86D2-07AA7AEA6C30}.Release|Any CPU.ActiveCfg = Release|Any CPU
		{168D0462-04C6-433E-86D2-07AA7AEA6C30}.Release|Any CPU.Build.0 = Release|Any CPU
		{168D0462-04C6-433E-86D2-07AA7AEA6C30}.Release|x64.ActiveCfg = Release|Any CPU
		{168D0462-04C6-433E-86D2-07AA7AEA6C30}.Release|x64.Build.0 = Release|Any CPU
		{168D0462-04C6-433E-86D2-07AA7AEA6C30}.Release|x86.ActiveCfg = Release|Any CPU
		{168D0462-04C6-433E-86D2-07AA7AEA6C30}.Release|x86.Build.0 = Release|Any CPU
		{858F8CE4-A436-498F-90D6-CA1C6253F8D1}.Debug|Any CPU.ActiveCfg = Debug|Any CPU
		{858F8CE4-A436-498F-90D6-CA1C6253F8D1}.Debug|Any CPU.Build.0 = Debug|Any CPU
		{858F8CE4-A436-498F-90D6-CA1C6253F8D1}.Debug|x64.ActiveCfg = Debug|Any CPU
		{858F8CE4-A436-498F-90D6-CA1C6253F8D1}.Debug|x64.Build.0 = Debug|Any CPU
		{858F8CE4-A436-498F-90D6-CA1C6253F8D1}.Debug|x86.ActiveCfg = Debug|Any CPU
		{858F8CE4-A436-498F-90D6-CA1C6253F8D1}.Debug|x86.Build.0 = Debug|Any CPU
		{858F8CE4-A436-498F-90D6-CA1C6253F8D1}.Release|Any CPU.ActiveCfg = Release|Any CPU
		{858F8CE4-A436-498F-90D6-CA1C6253F8D1}.Release|Any CPU.Build.0 = Release|Any CPU
		{858F8CE4-A436-498F-90D6-CA1C6253F8D1}.Release|x64.ActiveCfg = Release|Any CPU
		{858F8CE4-A436-498F-90D6-CA1C6253F8D1}.Release|x64.Build.0 = Release|Any CPU
		{858F8CE4-A436-498F-90D6-CA1C6253F8D1}.Release|x86.ActiveCfg = Release|Any CPU
		{858F8CE4-A436-498F-90D6-CA1C6253F8D1}.Release|x86.Build.0 = Release|Any CPU
		{E96FF033-C00D-46BC-A0E4-117F002B935A}.Debug|Any CPU.ActiveCfg = Debug|Any CPU
		{E96FF033-C00D-46BC-A0E4-117F002B935A}.Debug|Any CPU.Build.0 = Debug|Any CPU
		{E96FF033-C00D-46BC-A0E4-117F002B935A}.Debug|x64.ActiveCfg = Debug|Any CPU
		{E96FF033-C00D-46BC-A0E4-117F002B935A}.Debug|x64.Build.0 = Debug|Any CPU
		{E96FF033-C00D-46BC-A0E4-117F002B935A}.Debug|x86.ActiveCfg = Debug|Any CPU
		{E96FF033-C00D-46BC-A0E4-117F002B935A}.Debug|x86.Build.0 = Debug|Any CPU
		{E96FF033-C00D-46BC-A0E4-117F002B935A}.Release|Any CPU.ActiveCfg = Release|Any CPU
		{E96FF033-C00D-46BC-A0E4-117F002B935A}.Release|Any CPU.Build.0 = Release|Any CPU
		{E96FF033-C00D-46BC-A0E4-117F002B935A}.Release|x64.ActiveCfg = Release|Any CPU
		{E96FF033-C00D-46BC-A0E4-117F002B935A}.Release|x64.Build.0 = Release|Any CPU
		{E96FF033-C00D-46BC-A0E4-117F002B935A}.Release|x86.ActiveCfg = Release|Any CPU
		{E96FF033-C00D-46BC-A0E4-117F002B935A}.Release|x86.Build.0 = Release|Any CPU
		{8E1F7763-E497-4CD9-AC4E-5AC0831B71FE}.Debug|Any CPU.ActiveCfg = Debug|Any CPU
		{8E1F7763-E497-4CD9-AC4E-5AC0831B71FE}.Debug|Any CPU.Build.0 = Debug|Any CPU
		{8E1F7763-E497-4CD9-AC4E-5AC0831B71FE}.Debug|x64.ActiveCfg = Debug|Any CPU
		{8E1F7763-E497-4CD9-AC4E-5AC0831B71FE}.Debug|x64.Build.0 = Debug|Any CPU
		{8E1F7763-E497-4CD9-AC4E-5AC0831B71FE}.Debug|x86.ActiveCfg = Debug|Any CPU
		{8E1F7763-E497-4CD9-AC4E-5AC0831B71FE}.Debug|x86.Build.0 = Debug|Any CPU
		{8E1F7763-E497-4CD9-AC4E-5AC0831B71FE}.Release|Any CPU.ActiveCfg = Release|Any CPU
		{8E1F7763-E497-4CD9-AC4E-5AC0831B71FE}.Release|Any CPU.Build.0 = Release|Any CPU
		{8E1F7763-E497-4CD9-AC4E-5AC0831B71FE}.Release|x64.ActiveCfg = Release|Any CPU
		{8E1F7763-E497-4CD9-AC4E-5AC0831B71FE}.Release|x64.Build.0 = Release|Any CPU
		{8E1F7763-E497-4CD9-AC4E-5AC0831B71FE}.Release|x86.ActiveCfg = Release|Any CPU
		{8E1F7763-E497-4CD9-AC4E-5AC0831B71FE}.Release|x86.Build.0 = Release|Any CPU
		{F7244429-210D-4A55-92E4-35C69C643F5C}.Debug|Any CPU.ActiveCfg = Debug|Any CPU
		{F7244429-210D-4A55-92E4-35C69C643F5C}.Debug|Any CPU.Build.0 = Debug|Any CPU
		{F7244429-210D-4A55-92E4-35C69C643F5C}.Debug|x64.ActiveCfg = Debug|Any CPU
		{F7244429-210D-4A55-92E4-35C69C643F5C}.Debug|x64.Build.0 = Debug|Any CPU
		{F7244429-210D-4A55-92E4-35C69C643F5C}.Debug|x86.ActiveCfg = Debug|Any CPU
		{F7244429-210D-4A55-92E4-35C69C643F5C}.Debug|x86.Build.0 = Debug|Any CPU
		{F7244429-210D-4A55-92E4-35C69C643F5C}.Release|Any CPU.ActiveCfg = Release|Any CPU
		{F7244429-210D-4A55-92E4-35C69C643F5C}.Release|Any CPU.Build.0 = Release|Any CPU
		{F7244429-210D-4A55-92E4-35C69C643F5C}.Release|x64.ActiveCfg = Release|Any CPU
		{F7244429-210D-4A55-92E4-35C69C643F5C}.Release|x64.Build.0 = Release|Any CPU
		{F7244429-210D-4A55-92E4-35C69C643F5C}.Release|x86.ActiveCfg = Release|Any CPU
		{F7244429-210D-4A55-92E4-35C69C643F5C}.Release|x86.Build.0 = Release|Any CPU
		{D3244313-6624-4041-AA95-A87D83C3E25D}.Debug|Any CPU.ActiveCfg = Debug|Any CPU
		{D3244313-6624-4041-AA95-A87D83C3E25D}.Debug|Any CPU.Build.0 = Debug|Any CPU
		{D3244313-6624-4041-AA95-A87D83C3E25D}.Debug|x64.ActiveCfg = Debug|Any CPU
		{D3244313-6624-4041-AA95-A87D83C3E25D}.Debug|x64.Build.0 = Debug|Any CPU
		{D3244313-6624-4041-AA95-A87D83C3E25D}.Debug|x86.ActiveCfg = Debug|Any CPU
		{D3244313-6624-4041-AA95-A87D83C3E25D}.Debug|x86.Build.0 = Debug|Any CPU
		{D3244313-6624-4041-AA95-A87D83C3E25D}.Release|Any CPU.ActiveCfg = Release|Any CPU
		{D3244313-6624-4041-AA95-A87D83C3E25D}.Release|Any CPU.Build.0 = Release|Any CPU
		{D3244313-6624-4041-AA95-A87D83C3E25D}.Release|x64.ActiveCfg = Release|Any CPU
		{D3244313-6624-4041-AA95-A87D83C3E25D}.Release|x64.Build.0 = Release|Any CPU
		{D3244313-6624-4041-AA95-A87D83C3E25D}.Release|x86.ActiveCfg = Release|Any CPU
		{D3244313-6624-4041-AA95-A87D83C3E25D}.Release|x86.Build.0 = Release|Any CPU
		{9512EBD4-5027-4191-804F-1AF80A79D614}.Debug|Any CPU.ActiveCfg = Debug|Any CPU
		{9512EBD4-5027-4191-804F-1AF80A79D614}.Debug|Any CPU.Build.0 = Debug|Any CPU
		{9512EBD4-5027-4191-804F-1AF80A79D614}.Debug|x64.ActiveCfg = Debug|Any CPU
		{9512EBD4-5027-4191-804F-1AF80A79D614}.Debug|x64.Build.0 = Debug|Any CPU
		{9512EBD4-5027-4191-804F-1AF80A79D614}.Debug|x86.ActiveCfg = Debug|Any CPU
		{9512EBD4-5027-4191-804F-1AF80A79D614}.Debug|x86.Build.0 = Debug|Any CPU
		{9512EBD4-5027-4191-804F-1AF80A79D614}.Release|Any CPU.ActiveCfg = Release|Any CPU
		{9512EBD4-5027-4191-804F-1AF80A79D614}.Release|Any CPU.Build.0 = Release|Any CPU
		{9512EBD4-5027-4191-804F-1AF80A79D614}.Release|x64.ActiveCfg = Release|Any CPU
		{9512EBD4-5027-4191-804F-1AF80A79D614}.Release|x64.Build.0 = Release|Any CPU
		{9512EBD4-5027-4191-804F-1AF80A79D614}.Release|x86.ActiveCfg = Release|Any CPU
		{9512EBD4-5027-4191-804F-1AF80A79D614}.Release|x86.Build.0 = Release|Any CPU
		{55E0A893-E0E6-4C64-ACB1-639F2955C04D}.Debug|Any CPU.ActiveCfg = Debug|Any CPU
		{55E0A893-E0E6-4C64-ACB1-639F2955C04D}.Debug|Any CPU.Build.0 = Debug|Any CPU
		{55E0A893-E0E6-4C64-ACB1-639F2955C04D}.Debug|x64.ActiveCfg = Debug|Any CPU
		{55E0A893-E0E6-4C64-ACB1-639F2955C04D}.Debug|x64.Build.0 = Debug|Any CPU
		{55E0A893-E0E6-4C64-ACB1-639F2955C04D}.Debug|x86.ActiveCfg = Debug|Any CPU
		{55E0A893-E0E6-4C64-ACB1-639F2955C04D}.Debug|x86.Build.0 = Debug|Any CPU
		{55E0A893-E0E6-4C64-ACB1-639F2955C04D}.Release|Any CPU.ActiveCfg = Release|Any CPU
		{55E0A893-E0E6-4C64-ACB1-639F2955C04D}.Release|Any CPU.Build.0 = Release|Any CPU
		{55E0A893-E0E6-4C64-ACB1-639F2955C04D}.Release|x64.ActiveCfg = Release|Any CPU
		{55E0A893-E0E6-4C64-ACB1-639F2955C04D}.Release|x64.Build.0 = Release|Any CPU
		{55E0A893-E0E6-4C64-ACB1-639F2955C04D}.Release|x86.ActiveCfg = Release|Any CPU
		{55E0A893-E0E6-4C64-ACB1-639F2955C04D}.Release|x86.Build.0 = Release|Any CPU
		{04D468EC-71C2-4E4F-B62C-99A17E9D3103}.Debug|Any CPU.ActiveCfg = Debug|Any CPU
		{04D468EC-71C2-4E4F-B62C-99A17E9D3103}.Debug|Any CPU.Build.0 = Debug|Any CPU
		{04D468EC-71C2-4E4F-B62C-99A17E9D3103}.Debug|x64.ActiveCfg = Debug|Any CPU
		{04D468EC-71C2-4E4F-B62C-99A17E9D3103}.Debug|x64.Build.0 = Debug|Any CPU
		{04D468EC-71C2-4E4F-B62C-99A17E9D3103}.Debug|x86.ActiveCfg = Debug|Any CPU
		{04D468EC-71C2-4E4F-B62C-99A17E9D3103}.Debug|x86.Build.0 = Debug|Any CPU
		{04D468EC-71C2-4E4F-B62C-99A17E9D3103}.Release|Any CPU.ActiveCfg = Release|Any CPU
		{04D468EC-71C2-4E4F-B62C-99A17E9D3103}.Release|Any CPU.Build.0 = Release|Any CPU
		{04D468EC-71C2-4E4F-B62C-99A17E9D3103}.Release|x64.ActiveCfg = Release|Any CPU
		{04D468EC-71C2-4E4F-B62C-99A17E9D3103}.Release|x64.Build.0 = Release|Any CPU
		{04D468EC-71C2-4E4F-B62C-99A17E9D3103}.Release|x86.ActiveCfg = Release|Any CPU
		{04D468EC-71C2-4E4F-B62C-99A17E9D3103}.Release|x86.Build.0 = Release|Any CPU
		{4940078A-1517-4860-9C3E-93EA7D23DE04}.Debug|Any CPU.ActiveCfg = Debug|Any CPU
		{4940078A-1517-4860-9C3E-93EA7D23DE04}.Debug|Any CPU.Build.0 = Debug|Any CPU
		{4940078A-1517-4860-9C3E-93EA7D23DE04}.Debug|x64.ActiveCfg = Debug|Any CPU
		{4940078A-1517-4860-9C3E-93EA7D23DE04}.Debug|x64.Build.0 = Debug|Any CPU
		{4940078A-1517-4860-9C3E-93EA7D23DE04}.Debug|x86.ActiveCfg = Debug|Any CPU
		{4940078A-1517-4860-9C3E-93EA7D23DE04}.Debug|x86.Build.0 = Debug|Any CPU
		{4940078A-1517-4860-9C3E-93EA7D23DE04}.Release|Any CPU.ActiveCfg = Release|Any CPU
		{4940078A-1517-4860-9C3E-93EA7D23DE04}.Release|Any CPU.Build.0 = Release|Any CPU
		{4940078A-1517-4860-9C3E-93EA7D23DE04}.Release|x64.ActiveCfg = Release|Any CPU
		{4940078A-1517-4860-9C3E-93EA7D23DE04}.Release|x64.Build.0 = Release|Any CPU
		{4940078A-1517-4860-9C3E-93EA7D23DE04}.Release|x86.ActiveCfg = Release|Any CPU
		{4940078A-1517-4860-9C3E-93EA7D23DE04}.Release|x86.Build.0 = Release|Any CPU
		{30971829-D3EB-4FB2-A54B-FC6D70CD2E32}.Debug|Any CPU.ActiveCfg = Debug|Any CPU
		{30971829-D3EB-4FB2-A54B-FC6D70CD2E32}.Debug|Any CPU.Build.0 = Debug|Any CPU
		{30971829-D3EB-4FB2-A54B-FC6D70CD2E32}.Debug|x64.ActiveCfg = Debug|Any CPU
		{30971829-D3EB-4FB2-A54B-FC6D70CD2E32}.Debug|x64.Build.0 = Debug|Any CPU
		{30971829-D3EB-4FB2-A54B-FC6D70CD2E32}.Debug|x86.ActiveCfg = Debug|Any CPU
		{30971829-D3EB-4FB2-A54B-FC6D70CD2E32}.Debug|x86.Build.0 = Debug|Any CPU
		{30971829-D3EB-4FB2-A54B-FC6D70CD2E32}.Release|Any CPU.ActiveCfg = Release|Any CPU
		{30971829-D3EB-4FB2-A54B-FC6D70CD2E32}.Release|Any CPU.Build.0 = Release|Any CPU
		{30971829-D3EB-4FB2-A54B-FC6D70CD2E32}.Release|x64.ActiveCfg = Release|Any CPU
		{30971829-D3EB-4FB2-A54B-FC6D70CD2E32}.Release|x64.Build.0 = Release|Any CPU
		{30971829-D3EB-4FB2-A54B-FC6D70CD2E32}.Release|x86.ActiveCfg = Release|Any CPU
		{30971829-D3EB-4FB2-A54B-FC6D70CD2E32}.Release|x86.Build.0 = Release|Any CPU
		{0842DA1C-0D58-4750-8870-7C3FF5ACA8A8}.Debug|Any CPU.ActiveCfg = Debug|Any CPU
		{0842DA1C-0D58-4750-8870-7C3FF5ACA8A8}.Debug|Any CPU.Build.0 = Debug|Any CPU
		{0842DA1C-0D58-4750-8870-7C3FF5ACA8A8}.Debug|x64.ActiveCfg = Debug|Any CPU
		{0842DA1C-0D58-4750-8870-7C3FF5ACA8A8}.Debug|x64.Build.0 = Debug|Any CPU
		{0842DA1C-0D58-4750-8870-7C3FF5ACA8A8}.Debug|x86.ActiveCfg = Debug|Any CPU
		{0842DA1C-0D58-4750-8870-7C3FF5ACA8A8}.Debug|x86.Build.0 = Debug|Any CPU
		{0842DA1C-0D58-4750-8870-7C3FF5ACA8A8}.Release|Any CPU.ActiveCfg = Release|Any CPU
		{0842DA1C-0D58-4750-8870-7C3FF5ACA8A8}.Release|Any CPU.Build.0 = Release|Any CPU
		{0842DA1C-0D58-4750-8870-7C3FF5ACA8A8}.Release|x64.ActiveCfg = Release|Any CPU
		{0842DA1C-0D58-4750-8870-7C3FF5ACA8A8}.Release|x64.Build.0 = Release|Any CPU
		{0842DA1C-0D58-4750-8870-7C3FF5ACA8A8}.Release|x86.ActiveCfg = Release|Any CPU
		{0842DA1C-0D58-4750-8870-7C3FF5ACA8A8}.Release|x86.Build.0 = Release|Any CPU
		{C6BAD712-E8D6-42AF-B9DF-A026AE2DD8BA}.Debug|Any CPU.ActiveCfg = Debug|Any CPU
		{C6BAD712-E8D6-42AF-B9DF-A026AE2DD8BA}.Debug|Any CPU.Build.0 = Debug|Any CPU
		{C6BAD712-E8D6-42AF-B9DF-A026AE2DD8BA}.Debug|x64.ActiveCfg = Debug|Any CPU
		{C6BAD712-E8D6-42AF-B9DF-A026AE2DD8BA}.Debug|x64.Build.0 = Debug|Any CPU
		{C6BAD712-E8D6-42AF-B9DF-A026AE2DD8BA}.Debug|x86.ActiveCfg = Debug|Any CPU
		{C6BAD712-E8D6-42AF-B9DF-A026AE2DD8BA}.Debug|x86.Build.0 = Debug|Any CPU
		{C6BAD712-E8D6-42AF-B9DF-A026AE2DD8BA}.Release|Any CPU.ActiveCfg = Release|Any CPU
		{C6BAD712-E8D6-42AF-B9DF-A026AE2DD8BA}.Release|Any CPU.Build.0 = Release|Any CPU
		{C6BAD712-E8D6-42AF-B9DF-A026AE2DD8BA}.Release|x64.ActiveCfg = Release|Any CPU
		{C6BAD712-E8D6-42AF-B9DF-A026AE2DD8BA}.Release|x64.Build.0 = Release|Any CPU
		{C6BAD712-E8D6-42AF-B9DF-A026AE2DD8BA}.Release|x86.ActiveCfg = Release|Any CPU
		{C6BAD712-E8D6-42AF-B9DF-A026AE2DD8BA}.Release|x86.Build.0 = Release|Any CPU
		{B54D0F0A-AE3F-47BF-9497-9C9526855665}.Debug|Any CPU.ActiveCfg = Debug|Any CPU
		{B54D0F0A-AE3F-47BF-9497-9C9526855665}.Debug|Any CPU.Build.0 = Debug|Any CPU
		{B54D0F0A-AE3F-47BF-9497-9C9526855665}.Debug|x64.ActiveCfg = Debug|Any CPU
		{B54D0F0A-AE3F-47BF-9497-9C9526855665}.Debug|x64.Build.0 = Debug|Any CPU
		{B54D0F0A-AE3F-47BF-9497-9C9526855665}.Debug|x86.ActiveCfg = Debug|Any CPU
		{B54D0F0A-AE3F-47BF-9497-9C9526855665}.Debug|x86.Build.0 = Debug|Any CPU
		{B54D0F0A-AE3F-47BF-9497-9C9526855665}.Release|Any CPU.ActiveCfg = Release|Any CPU
		{B54D0F0A-AE3F-47BF-9497-9C9526855665}.Release|Any CPU.Build.0 = Release|Any CPU
		{B54D0F0A-AE3F-47BF-9497-9C9526855665}.Release|x64.ActiveCfg = Release|Any CPU
		{B54D0F0A-AE3F-47BF-9497-9C9526855665}.Release|x64.Build.0 = Release|Any CPU
		{B54D0F0A-AE3F-47BF-9497-9C9526855665}.Release|x86.ActiveCfg = Release|Any CPU
		{B54D0F0A-AE3F-47BF-9497-9C9526855665}.Release|x86.Build.0 = Release|Any CPU
		{A9B495F0-07DF-406B-8D1A-A4714135D223}.Debug|Any CPU.ActiveCfg = Debug|Any CPU
		{A9B495F0-07DF-406B-8D1A-A4714135D223}.Debug|Any CPU.Build.0 = Debug|Any CPU
		{A9B495F0-07DF-406B-8D1A-A4714135D223}.Debug|x64.ActiveCfg = Debug|Any CPU
		{A9B495F0-07DF-406B-8D1A-A4714135D223}.Debug|x64.Build.0 = Debug|Any CPU
		{A9B495F0-07DF-406B-8D1A-A4714135D223}.Debug|x86.ActiveCfg = Debug|Any CPU
		{A9B495F0-07DF-406B-8D1A-A4714135D223}.Debug|x86.Build.0 = Debug|Any CPU
		{A9B495F0-07DF-406B-8D1A-A4714135D223}.Release|Any CPU.ActiveCfg = Release|Any CPU
		{A9B495F0-07DF-406B-8D1A-A4714135D223}.Release|Any CPU.Build.0 = Release|Any CPU
		{A9B495F0-07DF-406B-8D1A-A4714135D223}.Release|x64.ActiveCfg = Release|Any CPU
		{A9B495F0-07DF-406B-8D1A-A4714135D223}.Release|x64.Build.0 = Release|Any CPU
		{A9B495F0-07DF-406B-8D1A-A4714135D223}.Release|x86.ActiveCfg = Release|Any CPU
		{A9B495F0-07DF-406B-8D1A-A4714135D223}.Release|x86.Build.0 = Release|Any CPU
		{99461FD3-236F-40C2-95F7-5D0956A61418}.Debug|Any CPU.ActiveCfg = Debug|Any CPU
		{99461FD3-236F-40C2-95F7-5D0956A61418}.Debug|Any CPU.Build.0 = Debug|Any CPU
		{99461FD3-236F-40C2-95F7-5D0956A61418}.Debug|x64.ActiveCfg = Debug|Any CPU
		{99461FD3-236F-40C2-95F7-5D0956A61418}.Debug|x64.Build.0 = Debug|Any CPU
		{99461FD3-236F-40C2-95F7-5D0956A61418}.Debug|x86.ActiveCfg = Debug|Any CPU
		{99461FD3-236F-40C2-95F7-5D0956A61418}.Debug|x86.Build.0 = Debug|Any CPU
		{99461FD3-236F-40C2-95F7-5D0956A61418}.Release|Any CPU.ActiveCfg = Release|Any CPU
		{99461FD3-236F-40C2-95F7-5D0956A61418}.Release|Any CPU.Build.0 = Release|Any CPU
		{99461FD3-236F-40C2-95F7-5D0956A61418}.Release|x64.ActiveCfg = Release|Any CPU
		{99461FD3-236F-40C2-95F7-5D0956A61418}.Release|x64.Build.0 = Release|Any CPU
		{99461FD3-236F-40C2-95F7-5D0956A61418}.Release|x86.ActiveCfg = Release|Any CPU
		{99461FD3-236F-40C2-95F7-5D0956A61418}.Release|x86.Build.0 = Release|Any CPU
		{A0385253-6C4C-470F-B16B-E93F792F9B6E}.Debug|Any CPU.ActiveCfg = Debug|Any CPU
		{A0385253-6C4C-470F-B16B-E93F792F9B6E}.Debug|Any CPU.Build.0 = Debug|Any CPU
		{A0385253-6C4C-470F-B16B-E93F792F9B6E}.Debug|x64.ActiveCfg = Debug|Any CPU
		{A0385253-6C4C-470F-B16B-E93F792F9B6E}.Debug|x64.Build.0 = Debug|Any CPU
		{A0385253-6C4C-470F-B16B-E93F792F9B6E}.Debug|x86.ActiveCfg = Debug|Any CPU
		{A0385253-6C4C-470F-B16B-E93F792F9B6E}.Debug|x86.Build.0 = Debug|Any CPU
		{A0385253-6C4C-470F-B16B-E93F792F9B6E}.Release|Any CPU.ActiveCfg = Release|Any CPU
		{A0385253-6C4C-470F-B16B-E93F792F9B6E}.Release|Any CPU.Build.0 = Release|Any CPU
		{A0385253-6C4C-470F-B16B-E93F792F9B6E}.Release|x64.ActiveCfg = Release|Any CPU
		{A0385253-6C4C-470F-B16B-E93F792F9B6E}.Release|x64.Build.0 = Release|Any CPU
		{A0385253-6C4C-470F-B16B-E93F792F9B6E}.Release|x86.ActiveCfg = Release|Any CPU
		{A0385253-6C4C-470F-B16B-E93F792F9B6E}.Release|x86.Build.0 = Release|Any CPU
		{C91ACCD4-E349-43BF-8ECD-E0989C10D52C}.Debug|Any CPU.ActiveCfg = Debug|Any CPU
		{C91ACCD4-E349-43BF-8ECD-E0989C10D52C}.Debug|Any CPU.Build.0 = Debug|Any CPU
		{C91ACCD4-E349-43BF-8ECD-E0989C10D52C}.Debug|x64.ActiveCfg = Debug|Any CPU
		{C91ACCD4-E349-43BF-8ECD-E0989C10D52C}.Debug|x64.Build.0 = Debug|Any CPU
		{C91ACCD4-E349-43BF-8ECD-E0989C10D52C}.Debug|x86.ActiveCfg = Debug|Any CPU
		{C91ACCD4-E349-43BF-8ECD-E0989C10D52C}.Debug|x86.Build.0 = Debug|Any CPU
		{C91ACCD4-E349-43BF-8ECD-E0989C10D52C}.Release|Any CPU.ActiveCfg = Release|Any CPU
		{C91ACCD4-E349-43BF-8ECD-E0989C10D52C}.Release|Any CPU.Build.0 = Release|Any CPU
		{C91ACCD4-E349-43BF-8ECD-E0989C10D52C}.Release|x64.ActiveCfg = Release|Any CPU
		{C91ACCD4-E349-43BF-8ECD-E0989C10D52C}.Release|x64.Build.0 = Release|Any CPU
		{C91ACCD4-E349-43BF-8ECD-E0989C10D52C}.Release|x86.ActiveCfg = Release|Any CPU
		{C91ACCD4-E349-43BF-8ECD-E0989C10D52C}.Release|x86.Build.0 = Release|Any CPU
		{8C116CD6-8BA9-4D23-9B6D-628DD1141643}.Debug|Any CPU.ActiveCfg = Debug|Any CPU
		{8C116CD6-8BA9-4D23-9B6D-628DD1141643}.Debug|Any CPU.Build.0 = Debug|Any CPU
		{8C116CD6-8BA9-4D23-9B6D-628DD1141643}.Debug|x64.ActiveCfg = Debug|Any CPU
		{8C116CD6-8BA9-4D23-9B6D-628DD1141643}.Debug|x64.Build.0 = Debug|Any CPU
		{8C116CD6-8BA9-4D23-9B6D-628DD1141643}.Debug|x86.ActiveCfg = Debug|Any CPU
		{8C116CD6-8BA9-4D23-9B6D-628DD1141643}.Debug|x86.Build.0 = Debug|Any CPU
		{8C116CD6-8BA9-4D23-9B6D-628DD1141643}.Release|Any CPU.ActiveCfg = Release|Any CPU
		{8C116CD6-8BA9-4D23-9B6D-628DD1141643}.Release|Any CPU.Build.0 = Release|Any CPU
		{8C116CD6-8BA9-4D23-9B6D-628DD1141643}.Release|x64.ActiveCfg = Release|Any CPU
		{8C116CD6-8BA9-4D23-9B6D-628DD1141643}.Release|x64.Build.0 = Release|Any CPU
		{8C116CD6-8BA9-4D23-9B6D-628DD1141643}.Release|x86.ActiveCfg = Release|Any CPU
		{8C116CD6-8BA9-4D23-9B6D-628DD1141643}.Release|x86.Build.0 = Release|Any CPU
		{1DA38979-6B17-4C73-8077-EB4EE1194EC1}.Debug|Any CPU.ActiveCfg = Debug|Any CPU
		{1DA38979-6B17-4C73-8077-EB4EE1194EC1}.Debug|Any CPU.Build.0 = Debug|Any CPU
		{1DA38979-6B17-4C73-8077-EB4EE1194EC1}.Debug|x64.ActiveCfg = Debug|Any CPU
		{1DA38979-6B17-4C73-8077-EB4EE1194EC1}.Debug|x64.Build.0 = Debug|Any CPU
		{1DA38979-6B17-4C73-8077-EB4EE1194EC1}.Debug|x86.ActiveCfg = Debug|Any CPU
		{1DA38979-6B17-4C73-8077-EB4EE1194EC1}.Debug|x86.Build.0 = Debug|Any CPU
		{1DA38979-6B17-4C73-8077-EB4EE1194EC1}.Release|Any CPU.ActiveCfg = Release|Any CPU
		{1DA38979-6B17-4C73-8077-EB4EE1194EC1}.Release|Any CPU.Build.0 = Release|Any CPU
		{1DA38979-6B17-4C73-8077-EB4EE1194EC1}.Release|x64.ActiveCfg = Release|Any CPU
		{1DA38979-6B17-4C73-8077-EB4EE1194EC1}.Release|x64.Build.0 = Release|Any CPU
		{1DA38979-6B17-4C73-8077-EB4EE1194EC1}.Release|x86.ActiveCfg = Release|Any CPU
		{1DA38979-6B17-4C73-8077-EB4EE1194EC1}.Release|x86.Build.0 = Release|Any CPU
		{4D8F64B9-B7A8-4693-B4FB-E7CDB06C2391}.Debug|Any CPU.ActiveCfg = Debug|Any CPU
		{4D8F64B9-B7A8-4693-B4FB-E7CDB06C2391}.Debug|Any CPU.Build.0 = Debug|Any CPU
		{4D8F64B9-B7A8-4693-B4FB-E7CDB06C2391}.Debug|x64.ActiveCfg = Debug|Any CPU
		{4D8F64B9-B7A8-4693-B4FB-E7CDB06C2391}.Debug|x64.Build.0 = Debug|Any CPU
		{4D8F64B9-B7A8-4693-B4FB-E7CDB06C2391}.Debug|x86.ActiveCfg = Debug|Any CPU
		{4D8F64B9-B7A8-4693-B4FB-E7CDB06C2391}.Debug|x86.Build.0 = Debug|Any CPU
		{4D8F64B9-B7A8-4693-B4FB-E7CDB06C2391}.Release|Any CPU.ActiveCfg = Release|Any CPU
		{4D8F64B9-B7A8-4693-B4FB-E7CDB06C2391}.Release|Any CPU.Build.0 = Release|Any CPU
		{4D8F64B9-B7A8-4693-B4FB-E7CDB06C2391}.Release|x64.ActiveCfg = Release|Any CPU
		{4D8F64B9-B7A8-4693-B4FB-E7CDB06C2391}.Release|x64.Build.0 = Release|Any CPU
		{4D8F64B9-B7A8-4693-B4FB-E7CDB06C2391}.Release|x86.ActiveCfg = Release|Any CPU
		{4D8F64B9-B7A8-4693-B4FB-E7CDB06C2391}.Release|x86.Build.0 = Release|Any CPU
	EndGlobalSection
	GlobalSection(SolutionProperties) = preSolution
		HideSolutionNode = FALSE
	EndGlobalSection
	GlobalSection(NestedProjects) = preSolution
		{90298CBA-BD6F-3A0A-69D5-97CAD7B05E7E} = {827E0CD3-B72D-47B6-A68D-7590B98EB39B}
		{A39E3289-5758-42DA-8598-D15B4C93497D} = {90298CBA-BD6F-3A0A-69D5-97CAD7B05E7E}
		{014F3ED6-2AFA-44BD-8F89-C1E3E39C6E42} = {90298CBA-BD6F-3A0A-69D5-97CAD7B05E7E}
		{7EAFA2A5-E1AF-4CC5-A36C-99107E8B025E} = {90298CBA-BD6F-3A0A-69D5-97CAD7B05E7E}
		{EC447DCF-ABFA-6E24-52A5-D7FD48A5C558} = {827E0CD3-B72D-47B6-A68D-7590B98EB39B}
		{0E14F93F-C36E-7939-963F-18AF3DCC5F99} = {EC447DCF-ABFA-6E24-52A5-D7FD48A5C558}
		{A3E41CCD-9A44-41FF-8358-A31C7D665926} = {0E14F93F-C36E-7939-963F-18AF3DCC5F99}
		{5327684D-92FE-4B06-9916-EAF2C2995D6B} = {0E14F93F-C36E-7939-963F-18AF3DCC5F99}
		{BC823216-6477-4EDF-95C9-8E49E37223F2} = {0E14F93F-C36E-7939-963F-18AF3DCC5F99}
		{1E1EF545-4C18-AEE2-B997-7EF431518D3F} = {EC447DCF-ABFA-6E24-52A5-D7FD48A5C558}
		{63A083ED-F834-4F5A-B2A4-C88ED3A76E8C} = {1E1EF545-4C18-AEE2-B997-7EF431518D3F}
		{6170FF36-6008-4946-987D-9F28DBA31367} = {1E1EF545-4C18-AEE2-B997-7EF431518D3F}
		{6159A347-908B-4C55-BB98-2EC9589EBA01} = {1E1EF545-4C18-AEE2-B997-7EF431518D3F}
		{18C073E0-6CB1-4693-3636-BFEE619A6192} = {EC447DCF-ABFA-6E24-52A5-D7FD48A5C558}
		{02634EC9-2DA4-4D4E-A8B3-306163CCB468} = {18C073E0-6CB1-4693-3636-BFEE619A6192}
		{78D434FD-AB44-4C8B-A6F4-52F88B307C65} = {18C073E0-6CB1-4693-3636-BFEE619A6192}
		{5D385409-2515-4395-AAE6-8317A5EC478C} = {18C073E0-6CB1-4693-3636-BFEE619A6192}
		{BA420079-D498-4AF9-7466-7543DC5B2C45} = {EC447DCF-ABFA-6E24-52A5-D7FD48A5C558}
		{168DDB4B-87BB-463F-8C8E-3E6BCA285DF9} = {BA420079-D498-4AF9-7466-7543DC5B2C45}
		{75FE3FF0-31B6-41B1-AEEE-F6DB601D2EDE} = {BA420079-D498-4AF9-7466-7543DC5B2C45}
		{E98B5036-8FEE-4B1E-AC3A-AAD24294C122} = {BA420079-D498-4AF9-7466-7543DC5B2C45}
		{CFD98C11-0354-2BE4-4011-BD6AEF12219D} = {EC447DCF-ABFA-6E24-52A5-D7FD48A5C558}
		{0198A19F-05D1-4079-B6A2-017445CE93C2} = {CFD98C11-0354-2BE4-4011-BD6AEF12219D}
		{98052916-715A-4AF0-A077-01FAB3727924} = {CFD98C11-0354-2BE4-4011-BD6AEF12219D}
		{3D4C5CB5-2870-4C61-B56C-654FD30A3B3A} = {CFD98C11-0354-2BE4-4011-BD6AEF12219D}
		{0A40B96A-CC95-E4F4-1E1A-22DDF2748D7E} = {EC447DCF-ABFA-6E24-52A5-D7FD48A5C558}
		{637F811A-F5B4-41A1-B3A9-956CA1FFBBEB} = {0A40B96A-CC95-E4F4-1E1A-22DDF2748D7E}
		{735EA240-96E0-48C9-BBF9-AA6431836975} = {0A40B96A-CC95-E4F4-1E1A-22DDF2748D7E}
		{B796E786-8DF4-4DC6-8A75-3602BB9853FE} = {0A40B96A-CC95-E4F4-1E1A-22DDF2748D7E}
		{5B4949C4-60F7-B0DA-08B2-116E43E6DF0E} = {EC447DCF-ABFA-6E24-52A5-D7FD48A5C558}
		{BB659395-040E-4FAD-B019-9B1AE6BB0EAC} = {5B4949C4-60F7-B0DA-08B2-116E43E6DF0E}
		{CC72D572-EE2F-4F70-94E5-C655548FD127} = {5B4949C4-60F7-B0DA-08B2-116E43E6DF0E}
		{A4F9DD5E-3E18-4ADC-9C86-9B750B7A8DA7} = {5B4949C4-60F7-B0DA-08B2-116E43E6DF0E}
		{DE9DAF8A-E684-0FD3-FFDC-40D3E3158533} = {EC447DCF-ABFA-6E24-52A5-D7FD48A5C558}
		{82CB4BD2-7E94-4E50-A2E0-E27CD8BEA3B1} = {DE9DAF8A-E684-0FD3-FFDC-40D3E3158533}
		{BDCE83E6-6D60-4837-AD0D-957247BB4A0A} = {DE9DAF8A-E684-0FD3-FFDC-40D3E3158533}
		{FA20A622-990F-4D80-961B-35E9788BA15A} = {DE9DAF8A-E684-0FD3-FFDC-40D3E3158533}
		{2E5256D5-2053-464E-A785-76C581372156} = {8450CF56-5DC7-366A-AE0A-4A8614F474CF}
		{CD7274B0-8F5B-457C-A005-997E90EA4898} = {8450CF56-5DC7-366A-AE0A-4A8614F474CF}
		{8059FF95-71DE-4039-AC9E-55F3426CD399} = {0AB3BF05-4346-4AA6-1389-037BE0695223}
		{168D0462-04C6-433E-86D2-07AA7AEA6C30} = {0AB3BF05-4346-4AA6-1389-037BE0695223}
		{858F8CE4-A436-498F-90D6-CA1C6253F8D1} = {0AB3BF05-4346-4AA6-1389-037BE0695223}
		{E96FF033-C00D-46BC-A0E4-117F002B935A} = {0AB3BF05-4346-4AA6-1389-037BE0695223}
		{8E1F7763-E497-4CD9-AC4E-5AC0831B71FE} = {0AB3BF05-4346-4AA6-1389-037BE0695223}
		{F7244429-210D-4A55-92E4-35C69C643F5C} = {0AB3BF05-4346-4AA6-1389-037BE0695223}
		{D3244313-6624-4041-AA95-A87D83C3E25D} = {0AB3BF05-4346-4AA6-1389-037BE0695223}
		{9512EBD4-5027-4191-804F-1AF80A79D614} = {0AB3BF05-4346-4AA6-1389-037BE0695223}
		{55E0A893-E0E6-4C64-ACB1-639F2955C04D} = {0AB3BF05-4346-4AA6-1389-037BE0695223}
		{04D468EC-71C2-4E4F-B62C-99A17E9D3103} = {0AB3BF05-4346-4AA6-1389-037BE0695223}
		{16456225-F6FD-270F-6442-113CA06B9E5F} = {EC447DCF-ABFA-6E24-52A5-D7FD48A5C558}
		{4940078A-1517-4860-9C3E-93EA7D23DE04} = {16456225-F6FD-270F-6442-113CA06B9E5F}
		{30971829-D3EB-4FB2-A54B-FC6D70CD2E32} = {16456225-F6FD-270F-6442-113CA06B9E5F}
		{0842DA1C-0D58-4750-8870-7C3FF5ACA8A8} = {0AB3BF05-4346-4AA6-1389-037BE0695223}
		{C6BAD712-E8D6-42AF-B9DF-A026AE2DD8BA} = {0AB3BF05-4346-4AA6-1389-037BE0695223}
		{10F243C0-5589-5C7D-3314-BD3AC559A253} = {EC447DCF-ABFA-6E24-52A5-D7FD48A5C558}
		{B54D0F0A-AE3F-47BF-9497-9C9526855665} = {10F243C0-5589-5C7D-3314-BD3AC559A253}
		{A9B495F0-07DF-406B-8D1A-A4714135D223} = {10F243C0-5589-5C7D-3314-BD3AC559A253}
		{99461FD3-236F-40C2-95F7-5D0956A61418} = {10F243C0-5589-5C7D-3314-BD3AC559A253}
		{A0385253-6C4C-470F-B16B-E93F792F9B6E} = {0AB3BF05-4346-4AA6-1389-037BE0695223}
		{C91ACCD4-E349-43BF-8ECD-E0989C10D52C} = {0AB3BF05-4346-4AA6-1389-037BE0695223}
		{8C116CD6-8BA9-4D23-9B6D-628DD1141643} = {0AB3BF05-4346-4AA6-1389-037BE0695223}
		{1DA38979-6B17-4C73-8077-EB4EE1194EC1} = {07C2787E-EAC7-C090-1BA3-A61EC2A24D84}
		{4D8F64B9-B7A8-4693-B4FB-E7CDB06C2391} = {0AB3BF05-4346-4AA6-1389-037BE0695223}
	EndGlobalSection
EndGlobal
